{
    "version": 3,
    "terraform_version": "0.11.3",
    "serial": 31,
    "lineage": "8d7179a0-6e9b-49b8-9dab-fc8085ba1ff2",
    "modules": [
        {
            "path": [
                "root"
            ],
            "outputs": {},
            "resources": {
                "azurerm_network_interface.master": {
                    "type": "azurerm_network_interface",
                    "depends_on": [
                        "azurerm_network_security_group.cluster",
                        "azurerm_public_ip.master",
                        "azurerm_resource_group.cluster",
                        "azurerm_subnet.cluster"
                    ],
                    "primary": {
                        "id": "/subscriptions/44a5fe34-add5-417c-9686-7d4e9b83697f/resourceGroups/HashiCorp/providers/Microsoft.Network/networkInterfaces/master-interface",
                        "attributes": {
                            "applied_dns_servers.#": "0",
                            "dns_servers.#": "0",
                            "enable_accelerated_networking": "false",
                            "enable_ip_forwarding": "false",
                            "id": "/subscriptions/44a5fe34-add5-417c-9686-7d4e9b83697f/resourceGroups/HashiCorp/providers/Microsoft.Network/networkInterfaces/master-interface",
                            "internal_dns_name_label": "",
                            "ip_configuration.#": "1",
                            "ip_configuration.0.load_balancer_backend_address_pools_ids.#": "0",
                            "ip_configuration.0.load_balancer_inbound_nat_rules_ids.#": "0",
                            "ip_configuration.0.name": "master-ipconfiguration",
                            "ip_configuration.0.primary": "true",
                            "ip_configuration.0.private_ip_address": "",
                            "ip_configuration.0.private_ip_address_allocation": "dynamic",
                            "ip_configuration.0.public_ip_address_id": "/subscriptions/44a5fe34-add5-417c-9686-7d4e9b83697f/resourceGroups/HashiCorp/providers/Microsoft.Network/publicIPAddresses/master-pip",
                            "ip_configuration.0.subnet_id": "/subscriptions/44a5fe34-add5-417c-9686-7d4e9b83697f/resourceGroups/HashiCorp/providers/Microsoft.Network/virtualNetworks/cluster-vnet/subnets/cluster-subnet",
                            "location": "australiaeast",
                            "mac_address": "00-0D-3A-D0-79-BD",
                            "name": "master-interface",
                            "network_security_group_id": "/subscriptions/44a5fe34-add5-417c-9686-7d4e9b83697f/resourceGroups/HashiCorp/providers/Microsoft.Network/networkSecurityGroups/cluster-nsg",
                            "private_ip_address": "10.0.2.4",
                            "private_ip_addresses.#": "1",
                            "private_ip_addresses.0": "10.0.2.4",
                            "resource_group_name": "HashiCorp",
                            "tags.%": "0",
                            "virtual_machine_id": "/subscriptions/44a5fe34-add5-417c-9686-7d4e9b83697f/resourceGroups/HashiCorp/providers/Microsoft.Compute/virtualMachines/master"
                        },
                        "meta": {},
                        "tainted": false
                    },
                    "deposed": [],
                    "provider": "provider.azurerm"
                },
                "azurerm_network_interface.slave": {
                    "type": "azurerm_network_interface",
                    "depends_on": [
                        "azurerm_network_security_group.cluster",
                        "azurerm_public_ip.slave",
                        "azurerm_resource_group.cluster",
                        "azurerm_subnet.cluster"
                    ],
                    "primary": {
                        "id": "/subscriptions/44a5fe34-add5-417c-9686-7d4e9b83697f/resourceGroups/HashiCorp/providers/Microsoft.Network/networkInterfaces/slave-interface",
                        "attributes": {
                            "applied_dns_servers.#": "0",
                            "dns_servers.#": "0",
                            "enable_accelerated_networking": "false",
                            "enable_ip_forwarding": "false",
                            "id": "/subscriptions/44a5fe34-add5-417c-9686-7d4e9b83697f/resourceGroups/HashiCorp/providers/Microsoft.Network/networkInterfaces/slave-interface",
                            "internal_dns_name_label": "",
                            "ip_configuration.#": "1",
                            "ip_configuration.0.load_balancer_backend_address_pools_ids.#": "0",
                            "ip_configuration.0.load_balancer_inbound_nat_rules_ids.#": "0",
                            "ip_configuration.0.name": "slave-ipconfiguration",
                            "ip_configuration.0.primary": "true",
                            "ip_configuration.0.private_ip_address": "",
                            "ip_configuration.0.private_ip_address_allocation": "dynamic",
                            "ip_configuration.0.public_ip_address_id": "/subscriptions/44a5fe34-add5-417c-9686-7d4e9b83697f/resourceGroups/HashiCorp/providers/Microsoft.Network/publicIPAddresses/slave-pip",
                            "ip_configuration.0.subnet_id": "/subscriptions/44a5fe34-add5-417c-9686-7d4e9b83697f/resourceGroups/HashiCorp/providers/Microsoft.Network/virtualNetworks/cluster-vnet/subnets/cluster-subnet",
                            "location": "australiaeast",
                            "mac_address": "00-0D-3A-D1-9B-14",
                            "name": "slave-interface",
                            "network_security_group_id": "/subscriptions/44a5fe34-add5-417c-9686-7d4e9b83697f/resourceGroups/HashiCorp/providers/Microsoft.Network/networkSecurityGroups/cluster-nsg",
                            "private_ip_address": "10.0.2.5",
                            "private_ip_addresses.#": "1",
                            "private_ip_addresses.0": "10.0.2.5",
                            "resource_group_name": "HashiCorp",
                            "tags.%": "0",
                            "virtual_machine_id": "/subscriptions/44a5fe34-add5-417c-9686-7d4e9b83697f/resourceGroups/HashiCorp/providers/Microsoft.Compute/virtualMachines/slave"
                        },
                        "meta": {},
                        "tainted": false
                    },
                    "deposed": [],
                    "provider": "provider.azurerm"
                },
                "azurerm_network_security_group.cluster": {
                    "type": "azurerm_network_security_group",
                    "depends_on": [
                        "azurerm_resource_group.cluster"
                    ],
                    "primary": {
                        "id": "/subscriptions/44a5fe34-add5-417c-9686-7d4e9b83697f/resourceGroups/HashiCorp/providers/Microsoft.Network/networkSecurityGroups/cluster-nsg",
                        "attributes": {
                            "id": "/subscriptions/44a5fe34-add5-417c-9686-7d4e9b83697f/resourceGroups/HashiCorp/providers/Microsoft.Network/networkSecurityGroups/cluster-nsg",
                            "location": "australiaeast",
                            "name": "cluster-nsg",
                            "resource_group_name": "HashiCorp",
                            "security_rule.#": "6",
                            "security_rule.0.access": "Allow",
                            "security_rule.0.description": "",
                            "security_rule.0.destination_address_prefix": "*",
                            "security_rule.0.destination_port_range": "443",
                            "security_rule.0.direction": "Inbound",
                            "security_rule.0.name": "HTTPS",
                            "security_rule.0.priority": "130",
                            "security_rule.0.protocol": "*",
                            "security_rule.0.source_address_prefix": "*",
                            "security_rule.0.source_port_range": "*",
                            "security_rule.1.access": "Deny",
                            "security_rule.1.description": "",
                            "security_rule.1.destination_address_prefix": "*",
                            "security_rule.1.destination_port_range": "*",
                            "security_rule.1.direction": "Inbound",
                            "security_rule.1.name": "deny-all",
                            "security_rule.1.priority": "1000",
                            "security_rule.1.protocol": "*",
                            "security_rule.1.source_address_prefix": "*",
                            "security_rule.1.source_port_range": "*",
                            "security_rule.2.access": "Allow",
                            "security_rule.2.description": "",
                            "security_rule.2.destination_address_prefix": "*",
                            "security_rule.2.destination_port_range": "8080",
                            "security_rule.2.direction": "Inbound",
                            "security_rule.2.name": "HTTPS2",
                            "security_rule.2.priority": "140",
                            "security_rule.2.protocol": "*",
                            "security_rule.2.source_address_prefix": "*",
                            "security_rule.2.source_port_range": "*",
                            "security_rule.3.access": "Allow",
                            "security_rule.3.description": "",
                            "security_rule.3.destination_address_prefix": "*",
                            "security_rule.3.destination_port_range": "22",
                            "security_rule.3.direction": "Inbound",
                            "security_rule.3.name": "SSH",
                            "security_rule.3.priority": "110",
                            "security_rule.3.protocol": "*",
                            "security_rule.3.source_address_prefix": "*",
                            "security_rule.3.source_port_range": "*",
                            "security_rule.4.access": "Allow",
                            "security_rule.4.description": "",
                            "security_rule.4.destination_address_prefix": "*",
                            "security_rule.4.destination_port_range": "8300-8600",
                            "security_rule.4.direction": "Inbound",
                            "security_rule.4.name": "HTTP-HTTPS-Consul",
                            "security_rule.4.priority": "150",
                            "security_rule.4.protocol": "*",
                            "security_rule.4.source_address_prefix": "*",
                            "security_rule.4.source_port_range": "*",
                            "security_rule.5.access": "Allow",
                            "security_rule.5.description": "",
                            "security_rule.5.destination_address_prefix": "*",
                            "security_rule.5.destination_port_range": "80",
                            "security_rule.5.direction": "Inbound",
                            "security_rule.5.name": "HTTP",
                            "security_rule.5.priority": "120",
                            "security_rule.5.protocol": "*",
                            "security_rule.5.source_address_prefix": "*",
                            "security_rule.5.source_port_range": "*",
                            "tags.%": "0"
                        },
                        "meta": {},
                        "tainted": false
                    },
                    "deposed": [],
                    "provider": "provider.azurerm"
                },
                "azurerm_network_security_rule.consulruleinbound": {
                    "type": "azurerm_network_security_rule",
                    "depends_on": [
                        "azurerm_network_security_group.cluster",
                        "azurerm_resource_group.cluster"
                    ],
                    "primary": {
                        "id": "/subscriptions/44a5fe34-add5-417c-9686-7d4e9b83697f/resourceGroups/HashiCorp/providers/Microsoft.Network/networkSecurityGroups/cluster-nsg/securityRules/HTTP-HTTPS-Consul",
                        "attributes": {
                            "access": "Allow",
                            "description": "",
                            "destination_address_prefix": "*",
                            "destination_address_prefixes.#": "0",
                            "destination_port_range": "8300-8600",
                            "destination_port_ranges.#": "0",
                            "direction": "Inbound",
                            "id": "/subscriptions/44a5fe34-add5-417c-9686-7d4e9b83697f/resourceGroups/HashiCorp/providers/Microsoft.Network/networkSecurityGroups/cluster-nsg/securityRules/HTTP-HTTPS-Consul",
                            "name": "HTTP-HTTPS-Consul",
                            "network_security_group_name": "cluster-nsg",
                            "priority": "150",
                            "protocol": "*",
                            "resource_group_name": "HashiCorp",
                            "source_address_prefix": "*",
                            "source_address_prefixes.#": "0",
                            "source_port_range": "*",
                            "source_port_ranges.#": "0"
                        },
                        "meta": {},
                        "tainted": false
                    },
                    "deposed": [],
                    "provider": "provider.azurerm"
                },
                "azurerm_network_security_rule.denyRule": {
                    "type": "azurerm_network_security_rule",
                    "depends_on": [
                        "azurerm_network_security_group.cluster",
                        "azurerm_resource_group.cluster"
                    ],
                    "primary": {
                        "id": "/subscriptions/44a5fe34-add5-417c-9686-7d4e9b83697f/resourceGroups/HashiCorp/providers/Microsoft.Network/networkSecurityGroups/cluster-nsg/securityRules/deny-all",
                        "attributes": {
                            "access": "Deny",
                            "description": "",
                            "destination_address_prefix": "*",
                            "destination_address_prefixes.#": "0",
                            "destination_port_range": "*",
                            "destination_port_ranges.#": "0",
                            "direction": "Inbound",
                            "id": "/subscriptions/44a5fe34-add5-417c-9686-7d4e9b83697f/resourceGroups/HashiCorp/providers/Microsoft.Network/networkSecurityGroups/cluster-nsg/securityRules/deny-all",
                            "name": "deny-all",
                            "network_security_group_name": "cluster-nsg",
                            "priority": "1000",
                            "protocol": "*",
                            "resource_group_name": "HashiCorp",
                            "source_address_prefix": "*",
                            "source_address_prefixes.#": "0",
                            "source_port_range": "*",
                            "source_port_ranges.#": "0"
                        },
                        "meta": {},
                        "tainted": false
                    },
                    "deposed": [],
                    "provider": "provider.azurerm"
                },
                "azurerm_network_security_rule.httpRule": {
                    "type": "azurerm_network_security_rule",
                    "depends_on": [
                        "azurerm_network_security_group.cluster",
                        "azurerm_resource_group.cluster"
                    ],
                    "primary": {
                        "id": "/subscriptions/44a5fe34-add5-417c-9686-7d4e9b83697f/resourceGroups/HashiCorp/providers/Microsoft.Network/networkSecurityGroups/cluster-nsg/securityRules/HTTP",
                        "attributes": {
                            "access": "Allow",
                            "description": "",
                            "destination_address_prefix": "*",
                            "destination_address_prefixes.#": "0",
                            "destination_port_range": "80",
                            "destination_port_ranges.#": "0",
                            "direction": "Inbound",
                            "id": "/subscriptions/44a5fe34-add5-417c-9686-7d4e9b83697f/resourceGroups/HashiCorp/providers/Microsoft.Network/networkSecurityGroups/cluster-nsg/securityRules/HTTP",
                            "name": "HTTP",
                            "network_security_group_name": "cluster-nsg",
                            "priority": "120",
                            "protocol": "*",
                            "resource_group_name": "HashiCorp",
                            "source_address_prefix": "*",
                            "source_address_prefixes.#": "0",
                            "source_port_range": "*",
                            "source_port_ranges.#": "0"
                        },
                        "meta": {},
                        "tainted": false
                    },
                    "deposed": [],
                    "provider": "provider.azurerm"
                },
                "azurerm_network_security_rule.httpsRule": {
                    "type": "azurerm_network_security_rule",
                    "depends_on": [
                        "azurerm_network_security_group.cluster",
                        "azurerm_resource_group.cluster"
                    ],
                    "primary": {
                        "id": "/subscriptions/44a5fe34-add5-417c-9686-7d4e9b83697f/resourceGroups/HashiCorp/providers/Microsoft.Network/networkSecurityGroups/cluster-nsg/securityRules/HTTPS",
                        "attributes": {
                            "access": "Allow",
                            "description": "",
                            "destination_address_prefix": "*",
                            "destination_address_prefixes.#": "0",
                            "destination_port_range": "443",
                            "destination_port_ranges.#": "0",
                            "direction": "Inbound",
                            "id": "/subscriptions/44a5fe34-add5-417c-9686-7d4e9b83697f/resourceGroups/HashiCorp/providers/Microsoft.Network/networkSecurityGroups/cluster-nsg/securityRules/HTTPS",
                            "name": "HTTPS",
                            "network_security_group_name": "cluster-nsg",
                            "priority": "130",
                            "protocol": "*",
                            "resource_group_name": "HashiCorp",
                            "source_address_prefix": "*",
                            "source_address_prefixes.#": "0",
                            "source_port_range": "*",
                            "source_port_ranges.#": "0"
                        },
                        "meta": {},
                        "tainted": false
                    },
                    "deposed": [],
                    "provider": "provider.azurerm"
                },
                "azurerm_network_security_rule.httpsRule2": {
                    "type": "azurerm_network_security_rule",
                    "depends_on": [
                        "azurerm_network_security_group.cluster",
                        "azurerm_resource_group.cluster"
                    ],
                    "primary": {
                        "id": "/subscriptions/44a5fe34-add5-417c-9686-7d4e9b83697f/resourceGroups/HashiCorp/providers/Microsoft.Network/networkSecurityGroups/cluster-nsg/securityRules/HTTPS2",
                        "attributes": {
                            "access": "Allow",
                            "description": "",
                            "destination_address_prefix": "*",
                            "destination_address_prefixes.#": "0",
                            "destination_port_range": "8080",
                            "destination_port_ranges.#": "0",
                            "direction": "Inbound",
                            "id": "/subscriptions/44a5fe34-add5-417c-9686-7d4e9b83697f/resourceGroups/HashiCorp/providers/Microsoft.Network/networkSecurityGroups/cluster-nsg/securityRules/HTTPS2",
                            "name": "HTTPS2",
                            "network_security_group_name": "cluster-nsg",
                            "priority": "140",
                            "protocol": "*",
                            "resource_group_name": "HashiCorp",
                            "source_address_prefix": "*",
                            "source_address_prefixes.#": "0",
                            "source_port_range": "*",
                            "source_port_ranges.#": "0"
                        },
                        "meta": {},
                        "tainted": false
                    },
                    "deposed": [],
                    "provider": "provider.azurerm"
                },
                "azurerm_network_security_rule.sshRule": {
                    "type": "azurerm_network_security_rule",
                    "depends_on": [
                        "azurerm_network_security_group.cluster",
                        "azurerm_resource_group.cluster"
                    ],
                    "primary": {
                        "id": "/subscriptions/44a5fe34-add5-417c-9686-7d4e9b83697f/resourceGroups/HashiCorp/providers/Microsoft.Network/networkSecurityGroups/cluster-nsg/securityRules/SSH",
                        "attributes": {
                            "access": "Allow",
                            "description": "",
                            "destination_address_prefix": "*",
                            "destination_address_prefixes.#": "0",
                            "destination_port_range": "22",
                            "destination_port_ranges.#": "0",
                            "direction": "Inbound",
                            "id": "/subscriptions/44a5fe34-add5-417c-9686-7d4e9b83697f/resourceGroups/HashiCorp/providers/Microsoft.Network/networkSecurityGroups/cluster-nsg/securityRules/SSH",
                            "name": "SSH",
                            "network_security_group_name": "cluster-nsg",
                            "priority": "110",
                            "protocol": "*",
                            "resource_group_name": "HashiCorp",
                            "source_address_prefix": "*",
                            "source_address_prefixes.#": "0",
                            "source_port_range": "*",
                            "source_port_ranges.#": "0"
                        },
                        "meta": {},
                        "tainted": false
                    },
                    "deposed": [],
                    "provider": "provider.azurerm"
                },
                "azurerm_public_ip.master": {
                    "type": "azurerm_public_ip",
                    "depends_on": [
                        "azurerm_resource_group.cluster"
                    ],
                    "primary": {
                        "id": "/subscriptions/44a5fe34-add5-417c-9686-7d4e9b83697f/resourceGroups/HashiCorp/providers/Microsoft.Network/publicIPAddresses/master-pip",
                        "attributes": {
                            "id": "/subscriptions/44a5fe34-add5-417c-9686-7d4e9b83697f/resourceGroups/HashiCorp/providers/Microsoft.Network/publicIPAddresses/master-pip",
                            "idle_timeout_in_minutes": "30",
                            "ip_address": "40.126.239.224",
                            "location": "australiaeast",
                            "name": "master-pip",
                            "public_ip_address_allocation": "dynamic",
                            "resource_group_name": "HashiCorp",
                            "sku": "Basic",
                            "tags.%": "1",
                            "tags.environment": "test"
                        },
                        "meta": {},
                        "tainted": false
                    },
                    "deposed": [],
                    "provider": "provider.azurerm"
                },
                "azurerm_public_ip.slave": {
                    "type": "azurerm_public_ip",
                    "depends_on": [
                        "azurerm_resource_group.cluster"
                    ],
                    "primary": {
                        "id": "/subscriptions/44a5fe34-add5-417c-9686-7d4e9b83697f/resourceGroups/HashiCorp/providers/Microsoft.Network/publicIPAddresses/slave-pip",
                        "attributes": {
                            "id": "/subscriptions/44a5fe34-add5-417c-9686-7d4e9b83697f/resourceGroups/HashiCorp/providers/Microsoft.Network/publicIPAddresses/slave-pip",
                            "idle_timeout_in_minutes": "30",
                            "ip_address": "13.73.192.125",
                            "location": "australiaeast",
                            "name": "slave-pip",
                            "public_ip_address_allocation": "dynamic",
                            "resource_group_name": "HashiCorp",
                            "sku": "Basic",
                            "tags.%": "1",
                            "tags.environment": "test"
                        },
                        "meta": {},
                        "tainted": false
                    },
                    "deposed": [],
                    "provider": "provider.azurerm"
                },
                "azurerm_resource_group.cluster": {
                    "type": "azurerm_resource_group",
                    "depends_on": [],
                    "primary": {
                        "id": "/subscriptions/44a5fe34-add5-417c-9686-7d4e9b83697f/resourceGroups/HashiCorp",
                        "attributes": {
                            "id": "/subscriptions/44a5fe34-add5-417c-9686-7d4e9b83697f/resourceGroups/HashiCorp",
                            "location": "australiaeast",
                            "name": "HashiCorp",
                            "tags.%": "0"
                        },
                        "meta": {},
                        "tainted": false
                    },
                    "deposed": [],
                    "provider": "provider.azurerm"
                },
                "azurerm_subnet.cluster": {
                    "type": "azurerm_subnet",
                    "depends_on": [
                        "azurerm_resource_group.cluster",
                        "azurerm_virtual_network.cluster"
                    ],
                    "primary": {
                        "id": "/subscriptions/44a5fe34-add5-417c-9686-7d4e9b83697f/resourceGroups/HashiCorp/providers/Microsoft.Network/virtualNetworks/cluster-vnet/subnets/cluster-subnet",
                        "attributes": {
                            "address_prefix": "10.0.2.0/24",
                            "id": "/subscriptions/44a5fe34-add5-417c-9686-7d4e9b83697f/resourceGroups/HashiCorp/providers/Microsoft.Network/virtualNetworks/cluster-vnet/subnets/cluster-subnet",
                            "ip_configurations.#": "2",
                            "ip_configurations.2116779078": "/subscriptions/44a5fe34-add5-417c-9686-7d4e9b83697f/resourceGroups/HashiCorp/providers/Microsoft.Network/networkInterfaces/slave-interface/ipConfigurations/slave-ipconfiguration",
                            "ip_configurations.2655557628": "/subscriptions/44a5fe34-add5-417c-9686-7d4e9b83697f/resourceGroups/HashiCorp/providers/Microsoft.Network/networkInterfaces/master-interface/ipConfigurations/master-ipconfiguration",
                            "name": "cluster-subnet",
                            "resource_group_name": "HashiCorp",
                            "service_endpoints.#": "0",
                            "virtual_network_name": "cluster-vnet"
                        },
                        "meta": {},
                        "tainted": false
                    },
                    "deposed": [],
                    "provider": "provider.azurerm"
                },
                "azurerm_virtual_machine.master": {
                    "type": "azurerm_virtual_machine",
                    "depends_on": [
                        "azurerm_network_interface.master",
                        "azurerm_resource_group.cluster"
                    ],
                    "primary": {
                        "id": "/subscriptions/44a5fe34-add5-417c-9686-7d4e9b83697f/resourceGroups/HashiCorp/providers/Microsoft.Compute/virtualMachines/master",
                        "attributes": {
                            "delete_data_disks_on_termination": "false",
                            "delete_os_disk_on_termination": "false",
                            "id": "/subscriptions/44a5fe34-add5-417c-9686-7d4e9b83697f/resourceGroups/HashiCorp/providers/Microsoft.Compute/virtualMachines/master",
                            "identity.#": "0",
                            "location": "australiaeast",
                            "name": "master",
                            "network_interface_ids.#": "1",
                            "network_interface_ids.0": "/subscriptions/44a5fe34-add5-417c-9686-7d4e9b83697f/resourceGroups/HashiCorp/providers/Microsoft.Network/networkInterfaces/master-interface",
                            "os_profile.#": "1",
                            "os_profile.760890907.admin_password": "",
                            "os_profile.760890907.admin_username": "ubuntu",
                            "os_profile.760890907.computer_name": "master",
                            "os_profile.760890907.custom_data": "",
                            "os_profile_linux_config.#": "1",
                            "os_profile_linux_config.2972667452.disable_password_authentication": "false",
                            "os_profile_linux_config.2972667452.ssh_keys.#": "0",
                            "os_profile_secrets.#": "0",
                            "resource_group_name": "HashiCorp",
                            "storage_data_disk.#": "0",
                            "storage_image_reference.#": "0",
                            "storage_os_disk.#": "1",
                            "storage_os_disk.0.caching": "ReadWrite",
                            "storage_os_disk.0.create_option": "FromImage",
                            "storage_os_disk.0.disk_size_gb": "29",
                            "storage_os_disk.0.image_uri": "",
                            "storage_os_disk.0.managed_disk_id": "",
                            "storage_os_disk.0.managed_disk_type": "",
                            "storage_os_disk.0.name": "mymasterdisk",
                            "storage_os_disk.0.os_type": "Linux",
                            "storage_os_disk.0.vhd_uri": "https://hashicorpstorage.blob.core.windows.net/images/packer-osDiskMaster.vhd",
                            "tags.%": "1",
                            "tags.environment": "test",
                            "vm_size": "Standard_B1s"
                        },
                        "meta": {},
                        "tainted": false
                    },
                    "deposed": [],
                    "provider": "provider.azurerm"
                },
                "azurerm_virtual_machine.slave": {
                    "type": "azurerm_virtual_machine",
                    "depends_on": [
                        "azurerm_network_interface.slave",
                        "azurerm_resource_group.cluster"
                    ],
                    "primary": {
                        "id": "/subscriptions/44a5fe34-add5-417c-9686-7d4e9b83697f/resourceGroups/HashiCorp/providers/Microsoft.Compute/virtualMachines/slave",
                        "attributes": {
                            "delete_data_disks_on_termination": "false",
                            "delete_os_disk_on_termination": "false",
                            "id": "/subscriptions/44a5fe34-add5-417c-9686-7d4e9b83697f/resourceGroups/HashiCorp/providers/Microsoft.Compute/virtualMachines/slave",
                            "identity.#": "0",
                            "location": "australiaeast",
                            "name": "slave",
                            "network_interface_ids.#": "1",
                            "network_interface_ids.0": "/subscriptions/44a5fe34-add5-417c-9686-7d4e9b83697f/resourceGroups/HashiCorp/providers/Microsoft.Network/networkInterfaces/slave-interface",
                            "os_profile.#": "1",
                            "os_profile.2496612017.admin_password": "",
                            "os_profile.2496612017.admin_username": "ubuntu",
                            "os_profile.2496612017.computer_name": "slave",
                            "os_profile.2496612017.custom_data": "",
                            "os_profile_linux_config.#": "1",
                            "os_profile_linux_config.2972667452.disable_password_authentication": "false",
                            "os_profile_linux_config.2972667452.ssh_keys.#": "0",
                            "os_profile_secrets.#": "0",
                            "resource_group_name": "HashiCorp",
                            "storage_data_disk.#": "0",
                            "storage_image_reference.#": "0",
                            "storage_os_disk.#": "1",
                            "storage_os_disk.0.caching": "ReadWrite",
                            "storage_os_disk.0.create_option": "FromImage",
                            "storage_os_disk.0.disk_size_gb": "29",
                            "storage_os_disk.0.image_uri": "",
                            "storage_os_disk.0.managed_disk_id": "",
                            "storage_os_disk.0.managed_disk_type": "",
                            "storage_os_disk.0.name": "myslavedisk",
                            "storage_os_disk.0.os_type": "Linux",
                            "storage_os_disk.0.vhd_uri": "https://hashicorpstorage.blob.core.windows.net/images/packer-osDiskSlave.vhd",
                            "tags.%": "1",
                            "tags.environment": "staging",
                            "vm_size": "Standard_B1s"
                        },
                        "meta": {},
                        "tainted": false
                    },
                    "deposed": [],
                    "provider": "provider.azurerm"
                },
                "azurerm_virtual_network.cluster": {
                    "type": "azurerm_virtual_network",
                    "depends_on": [
                        "azurerm_resource_group.cluster"
                    ],
                    "primary": {
                        "id": "/subscriptions/44a5fe34-add5-417c-9686-7d4e9b83697f/resourceGroups/HashiCorp/providers/Microsoft.Network/virtualNetworks/cluster-vnet",
                        "attributes": {
                            "address_space.#": "1",
                            "address_space.0": "10.0.0.0/16",
                            "dns_servers.#": "0",
                            "id": "/subscriptions/44a5fe34-add5-417c-9686-7d4e9b83697f/resourceGroups/HashiCorp/providers/Microsoft.Network/virtualNetworks/cluster-vnet",
                            "location": "australiaeast",
                            "name": "cluster-vnet",
                            "resource_group_name": "HashiCorp",
                            "subnet.#": "1",
                            "subnet.2240347622.address_prefix": "10.0.2.0/24",
                            "subnet.2240347622.name": "cluster-subnet",
                            "subnet.2240347622.security_group": "",
                            "tags.%": "0"
                        },
                        "meta": {},
                        "tainted": false
                    },
                    "deposed": [],
                    "provider": "provider.azurerm"
                }
            },
            "depends_on": []
        }
    ]
}
