{
    "version": 3,
    "terraform_version": "0.11.3",
    "serial": 51,
    "lineage": "8d7179a0-6e9b-49b8-9dab-fc8085ba1ff2",
    "modules": [
        {
            "path": [
                "root"
            ],
            "outputs": {
                "client_public_ips": {
                    "sensitive": false,
                    "type": "list",
                    "value": [
                        "52.156.172.5",
                        "52.156.170.187"
                    ]
                },
                "server_public_ips": {
                    "sensitive": false,
                    "type": "list",
                    "value": [
                        "52.156.172.70",
                        "52.156.170.49",
                        "52.156.170.86"
                    ]
                }
            },
            "resources": {
                "azurerm_network_interface.master.0": {
                    "type": "azurerm_network_interface",
                    "depends_on": [
                        "azurerm_network_security_group.cluster",
                        "azurerm_public_ip.master.*",
                        "azurerm_resource_group.cluster",
                        "azurerm_subnet.cluster"
                    ],
                    "primary": {
                        "id": "/subscriptions/44a5fe34-add5-417c-9686-7d4e9b83697f/resourceGroups/hashicorp/providers/Microsoft.Network/networkInterfaces/master-interface-0",
                        "attributes": {
                            "applied_dns_servers.#": "0",
                            "dns_servers.#": "0",
                            "enable_accelerated_networking": "false",
                            "enable_ip_forwarding": "false",
                            "id": "/subscriptions/44a5fe34-add5-417c-9686-7d4e9b83697f/resourceGroups/hashicorp/providers/Microsoft.Network/networkInterfaces/master-interface-0",
                            "internal_dns_name_label": "",
                            "ip_configuration.#": "1",
                            "ip_configuration.0.load_balancer_backend_address_pools_ids.#": "0",
                            "ip_configuration.0.load_balancer_inbound_nat_rules_ids.#": "0",
                            "ip_configuration.0.name": "master-ipc",
                            "ip_configuration.0.primary": "true",
                            "ip_configuration.0.private_ip_address": "",
                            "ip_configuration.0.private_ip_address_allocation": "dynamic",
                            "ip_configuration.0.public_ip_address_id": "/subscriptions/44a5fe34-add5-417c-9686-7d4e9b83697f/resourceGroups/hashicorp/providers/Microsoft.Network/publicIPAddresses/master-pip-0",
                            "ip_configuration.0.subnet_id": "/subscriptions/44a5fe34-add5-417c-9686-7d4e9b83697f/resourceGroups/hashicorp/providers/Microsoft.Network/virtualNetworks/cluster-vnet/subnets/cluster-subnet",
                            "location": "australiaeast",
                            "mac_address": "00-0D-3A-D2-86-7F",
                            "name": "master-interface-0",
                            "network_security_group_id": "/subscriptions/44a5fe34-add5-417c-9686-7d4e9b83697f/resourceGroups/hashicorp/providers/Microsoft.Network/networkSecurityGroups/cluster-nsg",
                            "private_ip_address": "10.0.2.7",
                            "private_ip_addresses.#": "1",
                            "private_ip_addresses.0": "10.0.2.7",
                            "resource_group_name": "hashicorp",
                            "tags.%": "1",
                            "tags.ConsulAutoJoin": "auto-join",
                            "virtual_machine_id": "/subscriptions/44a5fe34-add5-417c-9686-7d4e9b83697f/resourceGroups/hashicorp/providers/Microsoft.Compute/virtualMachines/master-0"
                        },
                        "meta": {},
                        "tainted": false
                    },
                    "deposed": [],
                    "provider": "provider.azurerm"
                },
                "azurerm_network_interface.master.1": {
                    "type": "azurerm_network_interface",
                    "depends_on": [
                        "azurerm_network_security_group.cluster",
                        "azurerm_public_ip.master.*",
                        "azurerm_resource_group.cluster",
                        "azurerm_subnet.cluster"
                    ],
                    "primary": {
                        "id": "/subscriptions/44a5fe34-add5-417c-9686-7d4e9b83697f/resourceGroups/hashicorp/providers/Microsoft.Network/networkInterfaces/master-interface-1",
                        "attributes": {
                            "applied_dns_servers.#": "0",
                            "dns_servers.#": "0",
                            "enable_accelerated_networking": "false",
                            "enable_ip_forwarding": "false",
                            "id": "/subscriptions/44a5fe34-add5-417c-9686-7d4e9b83697f/resourceGroups/hashicorp/providers/Microsoft.Network/networkInterfaces/master-interface-1",
                            "internal_dns_name_label": "",
                            "ip_configuration.#": "1",
                            "ip_configuration.0.load_balancer_backend_address_pools_ids.#": "0",
                            "ip_configuration.0.load_balancer_inbound_nat_rules_ids.#": "0",
                            "ip_configuration.0.name": "master-ipc",
                            "ip_configuration.0.primary": "true",
                            "ip_configuration.0.private_ip_address": "",
                            "ip_configuration.0.private_ip_address_allocation": "dynamic",
                            "ip_configuration.0.public_ip_address_id": "/subscriptions/44a5fe34-add5-417c-9686-7d4e9b83697f/resourceGroups/hashicorp/providers/Microsoft.Network/publicIPAddresses/master-pip-1",
                            "ip_configuration.0.subnet_id": "/subscriptions/44a5fe34-add5-417c-9686-7d4e9b83697f/resourceGroups/hashicorp/providers/Microsoft.Network/virtualNetworks/cluster-vnet/subnets/cluster-subnet",
                            "location": "australiaeast",
                            "mac_address": "00-0D-3A-D2-86-93",
                            "name": "master-interface-1",
                            "network_security_group_id": "/subscriptions/44a5fe34-add5-417c-9686-7d4e9b83697f/resourceGroups/hashicorp/providers/Microsoft.Network/networkSecurityGroups/cluster-nsg",
                            "private_ip_address": "10.0.2.8",
                            "private_ip_addresses.#": "1",
                            "private_ip_addresses.0": "10.0.2.8",
                            "resource_group_name": "hashicorp",
                            "tags.%": "1",
                            "tags.ConsulAutoJoin": "auto-join",
                            "virtual_machine_id": "/subscriptions/44a5fe34-add5-417c-9686-7d4e9b83697f/resourceGroups/hashicorp/providers/Microsoft.Compute/virtualMachines/master-1"
                        },
                        "meta": {},
                        "tainted": false
                    },
                    "deposed": [],
                    "provider": "provider.azurerm"
                },
                "azurerm_network_interface.master.2": {
                    "type": "azurerm_network_interface",
                    "depends_on": [
                        "azurerm_network_security_group.cluster",
                        "azurerm_public_ip.master.*",
                        "azurerm_resource_group.cluster",
                        "azurerm_subnet.cluster"
                    ],
                    "primary": {
                        "id": "/subscriptions/44a5fe34-add5-417c-9686-7d4e9b83697f/resourceGroups/hashicorp/providers/Microsoft.Network/networkInterfaces/master-interface-2",
                        "attributes": {
                            "applied_dns_servers.#": "0",
                            "dns_servers.#": "0",
                            "enable_accelerated_networking": "false",
                            "enable_ip_forwarding": "false",
                            "id": "/subscriptions/44a5fe34-add5-417c-9686-7d4e9b83697f/resourceGroups/hashicorp/providers/Microsoft.Network/networkInterfaces/master-interface-2",
                            "internal_dns_name_label": "",
                            "ip_configuration.#": "1",
                            "ip_configuration.0.load_balancer_backend_address_pools_ids.#": "0",
                            "ip_configuration.0.load_balancer_inbound_nat_rules_ids.#": "0",
                            "ip_configuration.0.name": "master-ipc",
                            "ip_configuration.0.primary": "true",
                            "ip_configuration.0.private_ip_address": "",
                            "ip_configuration.0.private_ip_address_allocation": "dynamic",
                            "ip_configuration.0.public_ip_address_id": "/subscriptions/44a5fe34-add5-417c-9686-7d4e9b83697f/resourceGroups/hashicorp/providers/Microsoft.Network/publicIPAddresses/master-pip-2",
                            "ip_configuration.0.subnet_id": "/subscriptions/44a5fe34-add5-417c-9686-7d4e9b83697f/resourceGroups/hashicorp/providers/Microsoft.Network/virtualNetworks/cluster-vnet/subnets/cluster-subnet",
                            "location": "australiaeast",
                            "mac_address": "00-0D-3A-D2-84-70",
                            "name": "master-interface-2",
                            "network_security_group_id": "/subscriptions/44a5fe34-add5-417c-9686-7d4e9b83697f/resourceGroups/hashicorp/providers/Microsoft.Network/networkSecurityGroups/cluster-nsg",
                            "private_ip_address": "10.0.2.6",
                            "private_ip_addresses.#": "1",
                            "private_ip_addresses.0": "10.0.2.6",
                            "resource_group_name": "hashicorp",
                            "tags.%": "1",
                            "tags.ConsulAutoJoin": "auto-join",
                            "virtual_machine_id": "/subscriptions/44a5fe34-add5-417c-9686-7d4e9b83697f/resourceGroups/hashicorp/providers/Microsoft.Compute/virtualMachines/master-2"
                        },
                        "meta": {},
                        "tainted": false
                    },
                    "deposed": [],
                    "provider": "provider.azurerm"
                },
                "azurerm_network_interface.slave.0": {
                    "type": "azurerm_network_interface",
                    "depends_on": [
                        "azurerm_network_security_group.cluster",
                        "azurerm_public_ip.slave.*",
                        "azurerm_resource_group.cluster",
                        "azurerm_subnet.cluster"
                    ],
                    "primary": {
                        "id": "/subscriptions/44a5fe34-add5-417c-9686-7d4e9b83697f/resourceGroups/hashicorp/providers/Microsoft.Network/networkInterfaces/slave-interface-0",
                        "attributes": {
                            "applied_dns_servers.#": "0",
                            "dns_servers.#": "0",
                            "enable_accelerated_networking": "false",
                            "enable_ip_forwarding": "false",
                            "id": "/subscriptions/44a5fe34-add5-417c-9686-7d4e9b83697f/resourceGroups/hashicorp/providers/Microsoft.Network/networkInterfaces/slave-interface-0",
                            "internal_dns_name_label": "",
                            "ip_configuration.#": "1",
                            "ip_configuration.0.load_balancer_backend_address_pools_ids.#": "0",
                            "ip_configuration.0.load_balancer_inbound_nat_rules_ids.#": "0",
                            "ip_configuration.0.name": "slave-ipc",
                            "ip_configuration.0.primary": "true",
                            "ip_configuration.0.private_ip_address": "",
                            "ip_configuration.0.private_ip_address_allocation": "dynamic",
                            "ip_configuration.0.public_ip_address_id": "/subscriptions/44a5fe34-add5-417c-9686-7d4e9b83697f/resourceGroups/hashicorp/providers/Microsoft.Network/publicIPAddresses/slave-pip-0",
                            "ip_configuration.0.subnet_id": "/subscriptions/44a5fe34-add5-417c-9686-7d4e9b83697f/resourceGroups/hashicorp/providers/Microsoft.Network/virtualNetworks/cluster-vnet/subnets/cluster-subnet",
                            "location": "australiaeast",
                            "mac_address": "00-0D-3A-D2-83-23",
                            "name": "slave-interface-0",
                            "network_security_group_id": "/subscriptions/44a5fe34-add5-417c-9686-7d4e9b83697f/resourceGroups/hashicorp/providers/Microsoft.Network/networkSecurityGroups/cluster-nsg",
                            "private_ip_address": "10.0.2.4",
                            "private_ip_addresses.#": "1",
                            "private_ip_addresses.0": "10.0.2.4",
                            "resource_group_name": "hashicorp",
                            "tags.%": "1",
                            "tags.ConsulAutoJoin": "auto-join",
                            "virtual_machine_id": "/subscriptions/44a5fe34-add5-417c-9686-7d4e9b83697f/resourceGroups/hashicorp/providers/Microsoft.Compute/virtualMachines/slave-0"
                        },
                        "meta": {},
                        "tainted": false
                    },
                    "deposed": [],
                    "provider": "provider.azurerm"
                },
                "azurerm_network_interface.slave.1": {
                    "type": "azurerm_network_interface",
                    "depends_on": [
                        "azurerm_network_security_group.cluster",
                        "azurerm_public_ip.slave.*",
                        "azurerm_resource_group.cluster",
                        "azurerm_subnet.cluster"
                    ],
                    "primary": {
                        "id": "/subscriptions/44a5fe34-add5-417c-9686-7d4e9b83697f/resourceGroups/hashicorp/providers/Microsoft.Network/networkInterfaces/slave-interface-1",
                        "attributes": {
                            "applied_dns_servers.#": "0",
                            "dns_servers.#": "0",
                            "enable_accelerated_networking": "false",
                            "enable_ip_forwarding": "false",
                            "id": "/subscriptions/44a5fe34-add5-417c-9686-7d4e9b83697f/resourceGroups/hashicorp/providers/Microsoft.Network/networkInterfaces/slave-interface-1",
                            "internal_dns_name_label": "",
                            "ip_configuration.#": "1",
                            "ip_configuration.0.load_balancer_backend_address_pools_ids.#": "0",
                            "ip_configuration.0.load_balancer_inbound_nat_rules_ids.#": "0",
                            "ip_configuration.0.name": "slave-ipc",
                            "ip_configuration.0.primary": "true",
                            "ip_configuration.0.private_ip_address": "",
                            "ip_configuration.0.private_ip_address_allocation": "dynamic",
                            "ip_configuration.0.public_ip_address_id": "/subscriptions/44a5fe34-add5-417c-9686-7d4e9b83697f/resourceGroups/hashicorp/providers/Microsoft.Network/publicIPAddresses/slave-pip-1",
                            "ip_configuration.0.subnet_id": "/subscriptions/44a5fe34-add5-417c-9686-7d4e9b83697f/resourceGroups/hashicorp/providers/Microsoft.Network/virtualNetworks/cluster-vnet/subnets/cluster-subnet",
                            "location": "australiaeast",
                            "mac_address": "00-0D-3A-D2-88-83",
                            "name": "slave-interface-1",
                            "network_security_group_id": "/subscriptions/44a5fe34-add5-417c-9686-7d4e9b83697f/resourceGroups/hashicorp/providers/Microsoft.Network/networkSecurityGroups/cluster-nsg",
                            "private_ip_address": "10.0.2.5",
                            "private_ip_addresses.#": "1",
                            "private_ip_addresses.0": "10.0.2.5",
                            "resource_group_name": "hashicorp",
                            "tags.%": "1",
                            "tags.ConsulAutoJoin": "auto-join",
                            "virtual_machine_id": "/subscriptions/44a5fe34-add5-417c-9686-7d4e9b83697f/resourceGroups/hashicorp/providers/Microsoft.Compute/virtualMachines/slave-1"
                        },
                        "meta": {},
                        "tainted": false
                    },
                    "deposed": [],
                    "provider": "provider.azurerm"
                },
                "azurerm_network_security_group.cluster": {
                    "type": "azurerm_network_security_group",
                    "depends_on": [
                        "azurerm_resource_group.cluster"
                    ],
                    "primary": {
                        "id": "/subscriptions/44a5fe34-add5-417c-9686-7d4e9b83697f/resourceGroups/hashicorp/providers/Microsoft.Network/networkSecurityGroups/cluster-nsg",
                        "attributes": {
                            "id": "/subscriptions/44a5fe34-add5-417c-9686-7d4e9b83697f/resourceGroups/hashicorp/providers/Microsoft.Network/networkSecurityGroups/cluster-nsg",
                            "location": "australiaeast",
                            "name": "cluster-nsg",
                            "resource_group_name": "hashicorp",
                            "security_rule.#": "3",
                            "security_rule.0.access": "Allow",
                            "security_rule.0.description": "",
                            "security_rule.0.destination_address_prefix": "*",
                            "security_rule.0.destination_port_range": "8300-8600",
                            "security_rule.0.direction": "Inbound",
                            "security_rule.0.name": "allow-consul-allports",
                            "security_rule.0.priority": "130",
                            "security_rule.0.protocol": "*",
                            "security_rule.0.source_address_prefix": "*",
                            "security_rule.0.source_port_range": "*",
                            "security_rule.1.access": "Allow",
                            "security_rule.1.description": "",
                            "security_rule.1.destination_address_prefix": "*",
                            "security_rule.1.destination_port_range": "4646-4648",
                            "security_rule.1.direction": "Inbound",
                            "security_rule.1.name": "allow-nomad-allports",
                            "security_rule.1.priority": "120",
                            "security_rule.1.protocol": "*",
                            "security_rule.1.source_address_prefix": "*",
                            "security_rule.1.source_port_range": "*",
                            "security_rule.2.access": "Allow",
                            "security_rule.2.description": "",
                            "security_rule.2.destination_address_prefix": "*",
                            "security_rule.2.destination_port_range": "22",
                            "security_rule.2.direction": "Inbound",
                            "security_rule.2.name": "allow-ssh",
                            "security_rule.2.priority": "110",
                            "security_rule.2.protocol": "Tcp",
                            "security_rule.2.source_address_prefix": "*",
                            "security_rule.2.source_port_range": "*",
                            "tags.%": "0"
                        },
                        "meta": {},
                        "tainted": false
                    },
                    "deposed": [],
                    "provider": "provider.azurerm"
                },
                "azurerm_network_security_rule.consulRule": {
                    "type": "azurerm_network_security_rule",
                    "depends_on": [
                        "azurerm_network_security_group.cluster",
                        "azurerm_resource_group.cluster"
                    ],
                    "primary": {
                        "id": "/subscriptions/44a5fe34-add5-417c-9686-7d4e9b83697f/resourceGroups/hashicorp/providers/Microsoft.Network/networkSecurityGroups/cluster-nsg/securityRules/allow-consul-allports",
                        "attributes": {
                            "access": "Allow",
                            "description": "",
                            "destination_address_prefix": "*",
                            "destination_address_prefixes.#": "0",
                            "destination_port_range": "8300-8600",
                            "destination_port_ranges.#": "0",
                            "direction": "Inbound",
                            "id": "/subscriptions/44a5fe34-add5-417c-9686-7d4e9b83697f/resourceGroups/hashicorp/providers/Microsoft.Network/networkSecurityGroups/cluster-nsg/securityRules/allow-consul-allports",
                            "name": "allow-consul-allports",
                            "network_security_group_name": "cluster-nsg",
                            "priority": "130",
                            "protocol": "*",
                            "resource_group_name": "hashicorp",
                            "source_address_prefix": "*",
                            "source_address_prefixes.#": "0",
                            "source_port_range": "*",
                            "source_port_ranges.#": "0"
                        },
                        "meta": {},
                        "tainted": false
                    },
                    "deposed": [],
                    "provider": "provider.azurerm"
                },
                "azurerm_network_security_rule.nomadRule": {
                    "type": "azurerm_network_security_rule",
                    "depends_on": [
                        "azurerm_network_security_group.cluster",
                        "azurerm_resource_group.cluster"
                    ],
                    "primary": {
                        "id": "/subscriptions/44a5fe34-add5-417c-9686-7d4e9b83697f/resourceGroups/hashicorp/providers/Microsoft.Network/networkSecurityGroups/cluster-nsg/securityRules/allow-nomad-allports",
                        "attributes": {
                            "access": "Allow",
                            "description": "",
                            "destination_address_prefix": "*",
                            "destination_address_prefixes.#": "0",
                            "destination_port_range": "4646-4648",
                            "destination_port_ranges.#": "0",
                            "direction": "Inbound",
                            "id": "/subscriptions/44a5fe34-add5-417c-9686-7d4e9b83697f/resourceGroups/hashicorp/providers/Microsoft.Network/networkSecurityGroups/cluster-nsg/securityRules/allow-nomad-allports",
                            "name": "allow-nomad-allports",
                            "network_security_group_name": "cluster-nsg",
                            "priority": "120",
                            "protocol": "*",
                            "resource_group_name": "hashicorp",
                            "source_address_prefix": "*",
                            "source_address_prefixes.#": "0",
                            "source_port_range": "*",
                            "source_port_ranges.#": "0"
                        },
                        "meta": {},
                        "tainted": false
                    },
                    "deposed": [],
                    "provider": "provider.azurerm"
                },
                "azurerm_network_security_rule.sshRule": {
                    "type": "azurerm_network_security_rule",
                    "depends_on": [
                        "azurerm_network_security_group.cluster",
                        "azurerm_resource_group.cluster"
                    ],
                    "primary": {
                        "id": "/subscriptions/44a5fe34-add5-417c-9686-7d4e9b83697f/resourceGroups/hashicorp/providers/Microsoft.Network/networkSecurityGroups/cluster-nsg/securityRules/allow-ssh",
                        "attributes": {
                            "access": "Allow",
                            "description": "",
                            "destination_address_prefix": "*",
                            "destination_address_prefixes.#": "0",
                            "destination_port_range": "22",
                            "destination_port_ranges.#": "0",
                            "direction": "Inbound",
                            "id": "/subscriptions/44a5fe34-add5-417c-9686-7d4e9b83697f/resourceGroups/hashicorp/providers/Microsoft.Network/networkSecurityGroups/cluster-nsg/securityRules/allow-ssh",
                            "name": "allow-ssh",
                            "network_security_group_name": "cluster-nsg",
                            "priority": "110",
                            "protocol": "Tcp",
                            "resource_group_name": "hashicorp",
                            "source_address_prefix": "*",
                            "source_address_prefixes.#": "0",
                            "source_port_range": "*",
                            "source_port_ranges.#": "0"
                        },
                        "meta": {},
                        "tainted": false
                    },
                    "deposed": [],
                    "provider": "provider.azurerm"
                },
                "azurerm_public_ip.master.0": {
                    "type": "azurerm_public_ip",
                    "depends_on": [
                        "azurerm_resource_group.cluster"
                    ],
                    "primary": {
                        "id": "/subscriptions/44a5fe34-add5-417c-9686-7d4e9b83697f/resourceGroups/hashicorp/providers/Microsoft.Network/publicIPAddresses/master-pip-0",
                        "attributes": {
                            "id": "/subscriptions/44a5fe34-add5-417c-9686-7d4e9b83697f/resourceGroups/hashicorp/providers/Microsoft.Network/publicIPAddresses/master-pip-0",
                            "ip_address": "52.156.172.70",
                            "location": "australiaeast",
                            "name": "master-pip-0",
                            "public_ip_address_allocation": "static",
                            "resource_group_name": "hashicorp",
                            "sku": "Basic",
                            "tags.%": "0"
                        },
                        "meta": {},
                        "tainted": false
                    },
                    "deposed": [],
                    "provider": "provider.azurerm"
                },
                "azurerm_public_ip.master.1": {
                    "type": "azurerm_public_ip",
                    "depends_on": [
                        "azurerm_resource_group.cluster"
                    ],
                    "primary": {
                        "id": "/subscriptions/44a5fe34-add5-417c-9686-7d4e9b83697f/resourceGroups/hashicorp/providers/Microsoft.Network/publicIPAddresses/master-pip-1",
                        "attributes": {
                            "id": "/subscriptions/44a5fe34-add5-417c-9686-7d4e9b83697f/resourceGroups/hashicorp/providers/Microsoft.Network/publicIPAddresses/master-pip-1",
                            "ip_address": "52.156.170.49",
                            "location": "australiaeast",
                            "name": "master-pip-1",
                            "public_ip_address_allocation": "static",
                            "resource_group_name": "hashicorp",
                            "sku": "Basic",
                            "tags.%": "0"
                        },
                        "meta": {},
                        "tainted": false
                    },
                    "deposed": [],
                    "provider": "provider.azurerm"
                },
                "azurerm_public_ip.master.2": {
                    "type": "azurerm_public_ip",
                    "depends_on": [
                        "azurerm_resource_group.cluster"
                    ],
                    "primary": {
                        "id": "/subscriptions/44a5fe34-add5-417c-9686-7d4e9b83697f/resourceGroups/hashicorp/providers/Microsoft.Network/publicIPAddresses/master-pip-2",
                        "attributes": {
                            "id": "/subscriptions/44a5fe34-add5-417c-9686-7d4e9b83697f/resourceGroups/hashicorp/providers/Microsoft.Network/publicIPAddresses/master-pip-2",
                            "ip_address": "52.156.170.86",
                            "location": "australiaeast",
                            "name": "master-pip-2",
                            "public_ip_address_allocation": "static",
                            "resource_group_name": "hashicorp",
                            "sku": "Basic",
                            "tags.%": "0"
                        },
                        "meta": {},
                        "tainted": false
                    },
                    "deposed": [],
                    "provider": "provider.azurerm"
                },
                "azurerm_public_ip.slave.0": {
                    "type": "azurerm_public_ip",
                    "depends_on": [
                        "azurerm_resource_group.cluster"
                    ],
                    "primary": {
                        "id": "/subscriptions/44a5fe34-add5-417c-9686-7d4e9b83697f/resourceGroups/hashicorp/providers/Microsoft.Network/publicIPAddresses/slave-pip-0",
                        "attributes": {
                            "id": "/subscriptions/44a5fe34-add5-417c-9686-7d4e9b83697f/resourceGroups/hashicorp/providers/Microsoft.Network/publicIPAddresses/slave-pip-0",
                            "ip_address": "52.156.172.5",
                            "location": "australiaeast",
                            "name": "slave-pip-0",
                            "public_ip_address_allocation": "static",
                            "resource_group_name": "hashicorp",
                            "sku": "Basic",
                            "tags.%": "0"
                        },
                        "meta": {},
                        "tainted": false
                    },
                    "deposed": [],
                    "provider": "provider.azurerm"
                },
                "azurerm_public_ip.slave.1": {
                    "type": "azurerm_public_ip",
                    "depends_on": [
                        "azurerm_resource_group.cluster"
                    ],
                    "primary": {
                        "id": "/subscriptions/44a5fe34-add5-417c-9686-7d4e9b83697f/resourceGroups/hashicorp/providers/Microsoft.Network/publicIPAddresses/slave-pip-1",
                        "attributes": {
                            "id": "/subscriptions/44a5fe34-add5-417c-9686-7d4e9b83697f/resourceGroups/hashicorp/providers/Microsoft.Network/publicIPAddresses/slave-pip-1",
                            "ip_address": "52.156.170.187",
                            "location": "australiaeast",
                            "name": "slave-pip-1",
                            "public_ip_address_allocation": "static",
                            "resource_group_name": "hashicorp",
                            "sku": "Basic",
                            "tags.%": "0"
                        },
                        "meta": {},
                        "tainted": false
                    },
                    "deposed": [],
                    "provider": "provider.azurerm"
                },
                "azurerm_resource_group.cluster": {
                    "type": "azurerm_resource_group",
                    "depends_on": [],
                    "primary": {
                        "id": "/subscriptions/44a5fe34-add5-417c-9686-7d4e9b83697f/resourceGroups/hashicorp",
                        "attributes": {
                            "id": "/subscriptions/44a5fe34-add5-417c-9686-7d4e9b83697f/resourceGroups/hashicorp",
                            "location": "australiaeast",
                            "name": "hashicorp",
                            "tags.%": "0"
                        },
                        "meta": {},
                        "tainted": false
                    },
                    "deposed": [],
                    "provider": "provider.azurerm"
                },
                "azurerm_role_assignment.cluster": {
                    "type": "azurerm_role_assignment",
                    "depends_on": [
                        "azurerm_role_definition.cluster",
                        "data.azurerm_client_config.cluster",
                        "data.azurerm_subscription.primary"
                    ],
                    "primary": {
                        "id": "/subscriptions/44a5fe34-add5-417c-9686-7d4e9b83697f/providers/Microsoft.Authorization/roleAssignments/3f2f0ff6-81d7-8c58-f616-27bd8afd9451",
                        "attributes": {
                            "id": "/subscriptions/44a5fe34-add5-417c-9686-7d4e9b83697f/providers/Microsoft.Authorization/roleAssignments/3f2f0ff6-81d7-8c58-f616-27bd8afd9451",
                            "name": "3f2f0ff6-81d7-8c58-f616-27bd8afd9451",
                            "principal_id": "44db089e-3efe-4508-ae95-1011e11d92d1",
                            "role_definition_id": "/subscriptions/44a5fe34-add5-417c-9686-7d4e9b83697f/providers/Microsoft.Authorization/roleDefinitions/f5762282-42b9-4d0c-b597-0f7a8c95da49",
                            "scope": "/subscriptions/44a5fe34-add5-417c-9686-7d4e9b83697f"
                        },
                        "meta": {},
                        "tainted": false
                    },
                    "deposed": [],
                    "provider": "provider.azurerm"
                },
                "azurerm_role_definition.cluster": {
                    "type": "azurerm_role_definition",
                    "depends_on": [
                        "data.azurerm_subscription.primary"
                    ],
                    "primary": {
                        "id": "/subscriptions/44a5fe34-add5-417c-9686-7d4e9b83697f/providers/Microsoft.Authorization/roleDefinitions/f5762282-42b9-4d0c-b597-0f7a8c95da49",
                        "attributes": {
                            "assignable_scopes.#": "1",
                            "assignable_scopes.0": "/subscriptions/44a5fe34-add5-417c-9686-7d4e9b83697f",
                            "description": "",
                            "id": "/subscriptions/44a5fe34-add5-417c-9686-7d4e9b83697f/providers/Microsoft.Authorization/roleDefinitions/f5762282-42b9-4d0c-b597-0f7a8c95da49",
                            "name": "read-all",
                            "permissions.#": "1",
                            "permissions.0.actions.#": "1",
                            "permissions.0.actions.0": "*/read",
                            "permissions.0.not_actions.#": "0",
                            "role_definition_id": "f5762282-42b9-4d0c-b597-0f7a8c95da49",
                            "scope": "/subscriptions/44a5fe34-add5-417c-9686-7d4e9b83697f"
                        },
                        "meta": {},
                        "tainted": false
                    },
                    "deposed": [],
                    "provider": "provider.azurerm"
                },
                "azurerm_subnet.cluster": {
                    "type": "azurerm_subnet",
                    "depends_on": [
                        "azurerm_resource_group.cluster",
                        "azurerm_virtual_network.cluster"
                    ],
                    "primary": {
                        "id": "/subscriptions/44a5fe34-add5-417c-9686-7d4e9b83697f/resourceGroups/hashicorp/providers/Microsoft.Network/virtualNetworks/cluster-vnet/subnets/cluster-subnet",
                        "attributes": {
                            "address_prefix": "10.0.2.0/24",
                            "id": "/subscriptions/44a5fe34-add5-417c-9686-7d4e9b83697f/resourceGroups/hashicorp/providers/Microsoft.Network/virtualNetworks/cluster-vnet/subnets/cluster-subnet",
                            "ip_configurations.#": "5",
                            "ip_configurations.1998736473": "/subscriptions/44a5fe34-add5-417c-9686-7d4e9b83697f/resourceGroups/hashicorp/providers/Microsoft.Network/networkInterfaces/master-interface-2/ipConfigurations/master-ipc",
                            "ip_configurations.2528450366": "/subscriptions/44a5fe34-add5-417c-9686-7d4e9b83697f/resourceGroups/hashicorp/providers/Microsoft.Network/networkInterfaces/slave-interface-1/ipConfigurations/slave-ipc",
                            "ip_configurations.2533419555": "/subscriptions/44a5fe34-add5-417c-9686-7d4e9b83697f/resourceGroups/hashicorp/providers/Microsoft.Network/networkInterfaces/slave-interface-0/ipConfigurations/slave-ipc",
                            "ip_configurations.2972581393": "/subscriptions/44a5fe34-add5-417c-9686-7d4e9b83697f/resourceGroups/hashicorp/providers/Microsoft.Network/networkInterfaces/master-interface-0/ipConfigurations/master-ipc",
                            "ip_configurations.3525977909": "/subscriptions/44a5fe34-add5-417c-9686-7d4e9b83697f/resourceGroups/hashicorp/providers/Microsoft.Network/networkInterfaces/master-interface-1/ipConfigurations/master-ipc",
                            "name": "cluster-subnet",
                            "resource_group_name": "hashicorp",
                            "service_endpoints.#": "0",
                            "virtual_network_name": "cluster-vnet"
                        },
                        "meta": {},
                        "tainted": false
                    },
                    "deposed": [],
                    "provider": "provider.azurerm"
                },
                "azurerm_virtual_machine.master.0": {
                    "type": "azurerm_virtual_machine",
                    "depends_on": [
                        "azurerm_network_interface.master.*",
                        "azurerm_resource_group.cluster"
                    ],
                    "primary": {
                        "id": "/subscriptions/44a5fe34-add5-417c-9686-7d4e9b83697f/resourceGroups/hashicorp/providers/Microsoft.Compute/virtualMachines/master-0",
                        "attributes": {
                            "delete_data_disks_on_termination": "true",
                            "delete_os_disk_on_termination": "true",
                            "id": "/subscriptions/44a5fe34-add5-417c-9686-7d4e9b83697f/resourceGroups/hashicorp/providers/Microsoft.Compute/virtualMachines/master-0",
                            "identity.#": "0",
                            "location": "australiaeast",
                            "name": "master-0",
                            "network_interface_ids.#": "1",
                            "network_interface_ids.0": "/subscriptions/44a5fe34-add5-417c-9686-7d4e9b83697f/resourceGroups/hashicorp/providers/Microsoft.Network/networkInterfaces/master-interface-0",
                            "os_profile.#": "1",
                            "os_profile.3989404188.admin_password": "",
                            "os_profile.3989404188.admin_username": "ubuntu",
                            "os_profile.3989404188.computer_name": "master-0",
                            "os_profile.3989404188.custom_data": "",
                            "os_profile_linux_config.#": "1",
                            "os_profile_linux_config.2972667452.disable_password_authentication": "false",
                            "os_profile_linux_config.2972667452.ssh_keys.#": "0",
                            "os_profile_secrets.#": "0",
                            "resource_group_name": "hashicorp",
                            "storage_data_disk.#": "0",
                            "storage_image_reference.#": "0",
                            "storage_os_disk.#": "1",
                            "storage_os_disk.0.caching": "ReadWrite",
                            "storage_os_disk.0.create_option": "FromImage",
                            "storage_os_disk.0.disk_size_gb": "29",
                            "storage_os_disk.0.image_uri": "",
                            "storage_os_disk.0.managed_disk_id": "",
                            "storage_os_disk.0.managed_disk_type": "",
                            "storage_os_disk.0.name": "osMasterDisk-0",
                            "storage_os_disk.0.os_type": "Linux",
                            "storage_os_disk.0.vhd_uri": "https://hashicorpstorage.blob.core.windows.net/images/packer-osDiskMaster-0.vhd",
                            "tags.%": "0",
                            "vm_size": "Standard_B1s"
                        },
                        "meta": {},
                        "tainted": false
                    },
                    "deposed": [],
                    "provider": "provider.azurerm"
                },
                "azurerm_virtual_machine.master.1": {
                    "type": "azurerm_virtual_machine",
                    "depends_on": [
                        "azurerm_network_interface.master.*",
                        "azurerm_resource_group.cluster"
                    ],
                    "primary": {
                        "id": "/subscriptions/44a5fe34-add5-417c-9686-7d4e9b83697f/resourceGroups/hashicorp/providers/Microsoft.Compute/virtualMachines/master-1",
                        "attributes": {
                            "delete_data_disks_on_termination": "true",
                            "delete_os_disk_on_termination": "true",
                            "id": "/subscriptions/44a5fe34-add5-417c-9686-7d4e9b83697f/resourceGroups/hashicorp/providers/Microsoft.Compute/virtualMachines/master-1",
                            "identity.#": "0",
                            "location": "australiaeast",
                            "name": "master-1",
                            "network_interface_ids.#": "1",
                            "network_interface_ids.0": "/subscriptions/44a5fe34-add5-417c-9686-7d4e9b83697f/resourceGroups/hashicorp/providers/Microsoft.Network/networkInterfaces/master-interface-1",
                            "os_profile.#": "1",
                            "os_profile.4107422557.admin_password": "",
                            "os_profile.4107422557.admin_username": "ubuntu",
                            "os_profile.4107422557.computer_name": "master-1",
                            "os_profile.4107422557.custom_data": "",
                            "os_profile_linux_config.#": "1",
                            "os_profile_linux_config.2972667452.disable_password_authentication": "false",
                            "os_profile_linux_config.2972667452.ssh_keys.#": "0",
                            "os_profile_secrets.#": "0",
                            "resource_group_name": "hashicorp",
                            "storage_data_disk.#": "0",
                            "storage_image_reference.#": "0",
                            "storage_os_disk.#": "1",
                            "storage_os_disk.0.caching": "ReadWrite",
                            "storage_os_disk.0.create_option": "FromImage",
                            "storage_os_disk.0.disk_size_gb": "29",
                            "storage_os_disk.0.image_uri": "",
                            "storage_os_disk.0.managed_disk_id": "",
                            "storage_os_disk.0.managed_disk_type": "",
                            "storage_os_disk.0.name": "osMasterDisk-1",
                            "storage_os_disk.0.os_type": "Linux",
                            "storage_os_disk.0.vhd_uri": "https://hashicorpstorage.blob.core.windows.net/images/packer-osDiskMaster-1.vhd",
                            "tags.%": "0",
                            "vm_size": "Standard_B1s"
                        },
                        "meta": {},
                        "tainted": false
                    },
                    "deposed": [],
                    "provider": "provider.azurerm"
                },
                "azurerm_virtual_machine.master.2": {
                    "type": "azurerm_virtual_machine",
                    "depends_on": [
                        "azurerm_network_interface.master.*",
                        "azurerm_resource_group.cluster"
                    ],
                    "primary": {
                        "id": "/subscriptions/44a5fe34-add5-417c-9686-7d4e9b83697f/resourceGroups/hashicorp/providers/Microsoft.Compute/virtualMachines/master-2",
                        "attributes": {
                            "delete_data_disks_on_termination": "true",
                            "delete_os_disk_on_termination": "true",
                            "id": "/subscriptions/44a5fe34-add5-417c-9686-7d4e9b83697f/resourceGroups/hashicorp/providers/Microsoft.Compute/virtualMachines/master-2",
                            "identity.#": "0",
                            "location": "australiaeast",
                            "name": "master-2",
                            "network_interface_ids.#": "1",
                            "network_interface_ids.0": "/subscriptions/44a5fe34-add5-417c-9686-7d4e9b83697f/resourceGroups/hashicorp/providers/Microsoft.Network/networkInterfaces/master-interface-2",
                            "os_profile.#": "1",
                            "os_profile.3758037150.admin_password": "",
                            "os_profile.3758037150.admin_username": "ubuntu",
                            "os_profile.3758037150.computer_name": "master-2",
                            "os_profile.3758037150.custom_data": "",
                            "os_profile_linux_config.#": "1",
                            "os_profile_linux_config.2972667452.disable_password_authentication": "false",
                            "os_profile_linux_config.2972667452.ssh_keys.#": "0",
                            "os_profile_secrets.#": "0",
                            "resource_group_name": "hashicorp",
                            "storage_data_disk.#": "0",
                            "storage_image_reference.#": "0",
                            "storage_os_disk.#": "1",
                            "storage_os_disk.0.caching": "ReadWrite",
                            "storage_os_disk.0.create_option": "FromImage",
                            "storage_os_disk.0.disk_size_gb": "29",
                            "storage_os_disk.0.image_uri": "",
                            "storage_os_disk.0.managed_disk_id": "",
                            "storage_os_disk.0.managed_disk_type": "",
                            "storage_os_disk.0.name": "osMasterDisk-2",
                            "storage_os_disk.0.os_type": "Linux",
                            "storage_os_disk.0.vhd_uri": "https://hashicorpstorage.blob.core.windows.net/images/packer-osDiskMaster-2.vhd",
                            "tags.%": "0",
                            "vm_size": "Standard_B1s"
                        },
                        "meta": {},
                        "tainted": false
                    },
                    "deposed": [],
                    "provider": "provider.azurerm"
                },
                "azurerm_virtual_network.cluster": {
                    "type": "azurerm_virtual_network",
                    "depends_on": [
                        "azurerm_resource_group.cluster"
                    ],
                    "primary": {
                        "id": "/subscriptions/44a5fe34-add5-417c-9686-7d4e9b83697f/resourceGroups/hashicorp/providers/Microsoft.Network/virtualNetworks/cluster-vnet",
                        "attributes": {
                            "address_space.#": "1",
                            "address_space.0": "10.0.0.0/16",
                            "dns_servers.#": "0",
                            "id": "/subscriptions/44a5fe34-add5-417c-9686-7d4e9b83697f/resourceGroups/hashicorp/providers/Microsoft.Network/virtualNetworks/cluster-vnet",
                            "location": "australiaeast",
                            "name": "cluster-vnet",
                            "resource_group_name": "hashicorp",
                            "subnet.#": "1",
                            "subnet.2240347622.address_prefix": "10.0.2.0/24",
                            "subnet.2240347622.name": "cluster-subnet",
                            "subnet.2240347622.security_group": "",
                            "tags.%": "0"
                        },
                        "meta": {},
                        "tainted": false
                    },
                    "deposed": [],
                    "provider": "provider.azurerm"
                },
                "data.azurerm_client_config.cluster": {
                    "type": "azurerm_client_config",
                    "depends_on": [],
                    "primary": {
                        "id": "2018-03-10 00:49:22.7697179 +0000 UTC",
                        "attributes": {
                            "client_id": "2508a2db-4658-46d3-9529-51c2e2a4f2f3",
                            "id": "2018-03-10 00:49:22.7697179 +0000 UTC",
                            "service_principal_application_id": "2508a2db-4658-46d3-9529-51c2e2a4f2f3",
                            "service_principal_object_id": "44db089e-3efe-4508-ae95-1011e11d92d1",
                            "subscription_id": "44a5fe34-add5-417c-9686-7d4e9b83697f",
                            "tenant_id": "4b46878a-e2e7-42d9-a72b-a8a354864b82"
                        },
                        "meta": {},
                        "tainted": false
                    },
                    "deposed": [],
                    "provider": "provider.azurerm"
                },
                "data.azurerm_subscription.primary": {
                    "type": "azurerm_subscription",
                    "depends_on": [],
                    "primary": {
                        "id": "/subscriptions/44a5fe34-add5-417c-9686-7d4e9b83697f",
                        "attributes": {
                            "display_name": "Windows Azure MSDN - Visual Studio Ultimate",
                            "id": "/subscriptions/44a5fe34-add5-417c-9686-7d4e9b83697f",
                            "location_placement_id": "PublicAndAustralia_2014-09-01",
                            "quota_id": "MSDN_2014-09-01",
                            "spending_limit": "On",
                            "state": "Enabled",
                            "subscription_id": "44a5fe34-add5-417c-9686-7d4e9b83697f"
                        },
                        "meta": {},
                        "tainted": false
                    },
                    "deposed": [],
                    "provider": "provider.azurerm"
                }
            },
            "depends_on": []
        }
    ]
}
