{
    "version": 3,
    "terraform_version": "0.11.3",
    "serial": 51,
    "lineage": "8d7179a0-6e9b-49b8-9dab-fc8085ba1ff2",
    "modules": [
        {
            "path": [
                "root"
            ],
            "outputs": {
                "client_public_ips": {
                    "sensitive": false,
                    "type": "list",
                    "value": [
                        "52.156.172.5",
                        "52.156.170.187"
                    ]
                }
            },
            "resources": {
                "azurerm_network_interface.slave.0": {
                    "type": "azurerm_network_interface",
                    "depends_on": [
                        "azurerm_network_security_group.cluster",
                        "azurerm_public_ip.slave.*",
                        "azurerm_resource_group.cluster",
                        "azurerm_subnet.cluster"
                    ],
                    "primary": {
                        "id": "/subscriptions/44a5fe34-add5-417c-9686-7d4e9b83697f/resourceGroups/hashicorp/providers/Microsoft.Network/networkInterfaces/slave-interface-0",
                        "attributes": {
                            "applied_dns_servers.#": "0",
                            "dns_servers.#": "0",
                            "enable_accelerated_networking": "false",
                            "enable_ip_forwarding": "false",
                            "id": "/subscriptions/44a5fe34-add5-417c-9686-7d4e9b83697f/resourceGroups/hashicorp/providers/Microsoft.Network/networkInterfaces/slave-interface-0",
                            "internal_dns_name_label": "",
                            "ip_configuration.#": "1",
                            "ip_configuration.0.load_balancer_backend_address_pools_ids.#": "0",
                            "ip_configuration.0.load_balancer_inbound_nat_rules_ids.#": "0",
                            "ip_configuration.0.name": "slave-ipc",
                            "ip_configuration.0.primary": "true",
                            "ip_configuration.0.private_ip_address": "",
                            "ip_configuration.0.private_ip_address_allocation": "dynamic",
                            "ip_configuration.0.public_ip_address_id": "/subscriptions/44a5fe34-add5-417c-9686-7d4e9b83697f/resourceGroups/hashicorp/providers/Microsoft.Network/publicIPAddresses/slave-pip-0",
                            "ip_configuration.0.subnet_id": "/subscriptions/44a5fe34-add5-417c-9686-7d4e9b83697f/resourceGroups/hashicorp/providers/Microsoft.Network/virtualNetworks/cluster-vnet/subnets/cluster-subnet",
                            "location": "australiaeast",
                            "mac_address": "00-0D-3A-D2-83-23",
                            "name": "slave-interface-0",
                            "network_security_group_id": "/subscriptions/44a5fe34-add5-417c-9686-7d4e9b83697f/resourceGroups/hashicorp/providers/Microsoft.Network/networkSecurityGroups/cluster-nsg",
                            "private_ip_address": "10.0.2.4",
                            "private_ip_addresses.#": "1",
                            "private_ip_addresses.0": "10.0.2.4",
                            "resource_group_name": "hashicorp",
                            "tags.%": "1",
                            "tags.ConsulAutoJoin": "auto-join",
                            "virtual_machine_id": "/subscriptions/44a5fe34-add5-417c-9686-7d4e9b83697f/resourceGroups/hashicorp/providers/Microsoft.Compute/virtualMachines/slave-0"
                        },
                        "meta": {},
                        "tainted": false
                    },
                    "deposed": [],
                    "provider": "provider.azurerm"
                },
                "azurerm_network_interface.slave.1": {
                    "type": "azurerm_network_interface",
                    "depends_on": [
                        "azurerm_network_security_group.cluster",
                        "azurerm_public_ip.slave.*",
                        "azurerm_resource_group.cluster",
                        "azurerm_subnet.cluster"
                    ],
                    "primary": {
                        "id": "/subscriptions/44a5fe34-add5-417c-9686-7d4e9b83697f/resourceGroups/hashicorp/providers/Microsoft.Network/networkInterfaces/slave-interface-1",
                        "attributes": {
                            "applied_dns_servers.#": "0",
                            "dns_servers.#": "0",
                            "enable_accelerated_networking": "false",
                            "enable_ip_forwarding": "false",
                            "id": "/subscriptions/44a5fe34-add5-417c-9686-7d4e9b83697f/resourceGroups/hashicorp/providers/Microsoft.Network/networkInterfaces/slave-interface-1",
                            "internal_dns_name_label": "",
                            "ip_configuration.#": "1",
                            "ip_configuration.0.load_balancer_backend_address_pools_ids.#": "0",
                            "ip_configuration.0.load_balancer_inbound_nat_rules_ids.#": "0",
                            "ip_configuration.0.name": "slave-ipc",
                            "ip_configuration.0.primary": "true",
                            "ip_configuration.0.private_ip_address": "",
                            "ip_configuration.0.private_ip_address_allocation": "dynamic",
                            "ip_configuration.0.public_ip_address_id": "/subscriptions/44a5fe34-add5-417c-9686-7d4e9b83697f/resourceGroups/hashicorp/providers/Microsoft.Network/publicIPAddresses/slave-pip-1",
                            "ip_configuration.0.subnet_id": "/subscriptions/44a5fe34-add5-417c-9686-7d4e9b83697f/resourceGroups/hashicorp/providers/Microsoft.Network/virtualNetworks/cluster-vnet/subnets/cluster-subnet",
                            "location": "australiaeast",
                            "mac_address": "00-0D-3A-D2-88-83",
                            "name": "slave-interface-1",
                            "network_security_group_id": "/subscriptions/44a5fe34-add5-417c-9686-7d4e9b83697f/resourceGroups/hashicorp/providers/Microsoft.Network/networkSecurityGroups/cluster-nsg",
                            "private_ip_address": "10.0.2.5",
                            "private_ip_addresses.#": "1",
                            "private_ip_addresses.0": "10.0.2.5",
                            "resource_group_name": "hashicorp",
                            "tags.%": "1",
                            "tags.ConsulAutoJoin": "auto-join",
                            "virtual_machine_id": "/subscriptions/44a5fe34-add5-417c-9686-7d4e9b83697f/resourceGroups/hashicorp/providers/Microsoft.Compute/virtualMachines/slave-1"
                        },
                        "meta": {},
                        "tainted": false
                    },
                    "deposed": [],
                    "provider": "provider.azurerm"
                },
                "azurerm_network_security_group.cluster": {
                    "type": "azurerm_network_security_group",
                    "depends_on": [
                        "azurerm_resource_group.cluster"
                    ],
                    "primary": {
                        "id": "/subscriptions/44a5fe34-add5-417c-9686-7d4e9b83697f/resourceGroups/hashicorp/providers/Microsoft.Network/networkSecurityGroups/cluster-nsg",
                        "attributes": {
                            "id": "/subscriptions/44a5fe34-add5-417c-9686-7d4e9b83697f/resourceGroups/hashicorp/providers/Microsoft.Network/networkSecurityGroups/cluster-nsg",
                            "location": "australiaeast",
                            "name": "cluster-nsg",
                            "resource_group_name": "hashicorp",
                            "security_rule.#": "3",
                            "security_rule.0.access": "Allow",
                            "security_rule.0.description": "",
                            "security_rule.0.destination_address_prefix": "*",
                            "security_rule.0.destination_port_range": "8300-8600",
                            "security_rule.0.direction": "Inbound",
                            "security_rule.0.name": "allow-consul-allports",
                            "security_rule.0.priority": "130",
                            "security_rule.0.protocol": "*",
                            "security_rule.0.source_address_prefix": "*",
                            "security_rule.0.source_port_range": "*",
                            "security_rule.1.access": "Allow",
                            "security_rule.1.description": "",
                            "security_rule.1.destination_address_prefix": "*",
                            "security_rule.1.destination_port_range": "4646-4648",
                            "security_rule.1.direction": "Inbound",
                            "security_rule.1.name": "allow-nomad-allports",
                            "security_rule.1.priority": "120",
                            "security_rule.1.protocol": "*",
                            "security_rule.1.source_address_prefix": "*",
                            "security_rule.1.source_port_range": "*",
                            "security_rule.2.access": "Allow",
                            "security_rule.2.description": "",
                            "security_rule.2.destination_address_prefix": "*",
                            "security_rule.2.destination_port_range": "22",
                            "security_rule.2.direction": "Inbound",
                            "security_rule.2.name": "allow-ssh",
                            "security_rule.2.priority": "110",
                            "security_rule.2.protocol": "Tcp",
                            "security_rule.2.source_address_prefix": "*",
                            "security_rule.2.source_port_range": "*",
                            "tags.%": "0"
                        },
                        "meta": {},
                        "tainted": false
                    },
                    "deposed": [],
                    "provider": "provider.azurerm"
                },
                "azurerm_public_ip.slave.0": {
                    "type": "azurerm_public_ip",
                    "depends_on": [
                        "azurerm_resource_group.cluster"
                    ],
                    "primary": {
                        "id": "/subscriptions/44a5fe34-add5-417c-9686-7d4e9b83697f/resourceGroups/hashicorp/providers/Microsoft.Network/publicIPAddresses/slave-pip-0",
                        "attributes": {
                            "id": "/subscriptions/44a5fe34-add5-417c-9686-7d4e9b83697f/resourceGroups/hashicorp/providers/Microsoft.Network/publicIPAddresses/slave-pip-0",
                            "ip_address": "52.156.172.5",
                            "location": "australiaeast",
                            "name": "slave-pip-0",
                            "public_ip_address_allocation": "static",
                            "resource_group_name": "hashicorp",
                            "sku": "Basic",
                            "tags.%": "0"
                        },
                        "meta": {},
                        "tainted": false
                    },
                    "deposed": [],
                    "provider": "provider.azurerm"
                },
                "azurerm_public_ip.slave.1": {
                    "type": "azurerm_public_ip",
                    "depends_on": [
                        "azurerm_resource_group.cluster"
                    ],
                    "primary": {
                        "id": "/subscriptions/44a5fe34-add5-417c-9686-7d4e9b83697f/resourceGroups/hashicorp/providers/Microsoft.Network/publicIPAddresses/slave-pip-1",
                        "attributes": {
                            "id": "/subscriptions/44a5fe34-add5-417c-9686-7d4e9b83697f/resourceGroups/hashicorp/providers/Microsoft.Network/publicIPAddresses/slave-pip-1",
                            "ip_address": "52.156.170.187",
                            "location": "australiaeast",
                            "name": "slave-pip-1",
                            "public_ip_address_allocation": "static",
                            "resource_group_name": "hashicorp",
                            "sku": "Basic",
                            "tags.%": "0"
                        },
                        "meta": {},
                        "tainted": false
                    },
                    "deposed": [],
                    "provider": "provider.azurerm"
                },
                "azurerm_resource_group.cluster": {
                    "type": "azurerm_resource_group",
                    "depends_on": [],
                    "primary": {
                        "id": "/subscriptions/44a5fe34-add5-417c-9686-7d4e9b83697f/resourceGroups/hashicorp",
                        "attributes": {
                            "id": "/subscriptions/44a5fe34-add5-417c-9686-7d4e9b83697f/resourceGroups/hashicorp",
                            "location": "australiaeast",
                            "name": "hashicorp",
                            "tags.%": "0"
                        },
                        "meta": {},
                        "tainted": false
                    },
                    "deposed": [],
                    "provider": "provider.azurerm"
                },
                "azurerm_subnet.cluster": {
                    "type": "azurerm_subnet",
                    "depends_on": [
                        "azurerm_resource_group.cluster",
                        "azurerm_virtual_network.cluster"
                    ],
                    "primary": {
                        "id": "/subscriptions/44a5fe34-add5-417c-9686-7d4e9b83697f/resourceGroups/hashicorp/providers/Microsoft.Network/virtualNetworks/cluster-vnet/subnets/cluster-subnet",
                        "attributes": {
                            "address_prefix": "10.0.2.0/24",
                            "id": "/subscriptions/44a5fe34-add5-417c-9686-7d4e9b83697f/resourceGroups/hashicorp/providers/Microsoft.Network/virtualNetworks/cluster-vnet/subnets/cluster-subnet",
                            "ip_configurations.#": "5",
                            "ip_configurations.1998736473": "/subscriptions/44a5fe34-add5-417c-9686-7d4e9b83697f/resourceGroups/hashicorp/providers/Microsoft.Network/networkInterfaces/master-interface-2/ipConfigurations/master-ipc",
                            "ip_configurations.2528450366": "/subscriptions/44a5fe34-add5-417c-9686-7d4e9b83697f/resourceGroups/hashicorp/providers/Microsoft.Network/networkInterfaces/slave-interface-1/ipConfigurations/slave-ipc",
                            "ip_configurations.2533419555": "/subscriptions/44a5fe34-add5-417c-9686-7d4e9b83697f/resourceGroups/hashicorp/providers/Microsoft.Network/networkInterfaces/slave-interface-0/ipConfigurations/slave-ipc",
                            "ip_configurations.2972581393": "/subscriptions/44a5fe34-add5-417c-9686-7d4e9b83697f/resourceGroups/hashicorp/providers/Microsoft.Network/networkInterfaces/master-interface-0/ipConfigurations/master-ipc",
                            "ip_configurations.3525977909": "/subscriptions/44a5fe34-add5-417c-9686-7d4e9b83697f/resourceGroups/hashicorp/providers/Microsoft.Network/networkInterfaces/master-interface-1/ipConfigurations/master-ipc",
                            "name": "cluster-subnet",
                            "resource_group_name": "hashicorp",
                            "service_endpoints.#": "0",
                            "virtual_network_name": "cluster-vnet"
                        },
                        "meta": {},
                        "tainted": false
                    },
                    "deposed": [],
                    "provider": "provider.azurerm"
                },
                "azurerm_virtual_network.cluster": {
                    "type": "azurerm_virtual_network",
                    "depends_on": [
                        "azurerm_resource_group.cluster"
                    ],
                    "primary": {
                        "id": "/subscriptions/44a5fe34-add5-417c-9686-7d4e9b83697f/resourceGroups/hashicorp/providers/Microsoft.Network/virtualNetworks/cluster-vnet",
                        "attributes": {
                            "address_space.#": "1",
                            "address_space.0": "10.0.0.0/16",
                            "dns_servers.#": "0",
                            "id": "/subscriptions/44a5fe34-add5-417c-9686-7d4e9b83697f/resourceGroups/hashicorp/providers/Microsoft.Network/virtualNetworks/cluster-vnet",
                            "location": "australiaeast",
                            "name": "cluster-vnet",
                            "resource_group_name": "hashicorp",
                            "subnet.#": "1",
                            "subnet.2240347622.address_prefix": "10.0.2.0/24",
                            "subnet.2240347622.name": "cluster-subnet",
                            "subnet.2240347622.security_group": "",
                            "tags.%": "0"
                        },
                        "meta": {},
                        "tainted": false
                    },
                    "deposed": [],
                    "provider": "provider.azurerm"
                }
            },
            "depends_on": []
        }
    ]
}
