{
    "version": 3,
    "terraform_version": "0.11.3",
    "serial": 32,
    "lineage": "8d7179a0-6e9b-49b8-9dab-fc8085ba1ff2",
    "modules": [
        {
            "path": [
                "root"
            ],
            "outputs": {},
            "resources": {
                "aws_autoscaling_group.master": {
                    "type": "aws_autoscaling_group",
                    "depends_on": [
                        "aws_launch_configuration.master",
                        "aws_subnet.subnet"
                    ],
                    "primary": {
                        "id": "master",
                        "attributes": {
                            "arn": "arn:aws:autoscaling:us-east-2:131435775688:autoScalingGroup:8aae7d19-350b-4fad-80dc-65c9610abb09:autoScalingGroupName/master",
                            "availability_zones.#": "1",
                            "availability_zones.4293815384": "us-east-2a",
                            "default_cooldown": "300",
                            "desired_capacity": "3",
                            "force_delete": "false",
                            "health_check_grace_period": "300",
                            "health_check_type": "EC2",
                            "id": "master",
                            "launch_configuration": "master-20180301092025795400000002",
                            "load_balancers.#": "0",
                            "max_size": "3",
                            "metrics_granularity": "1Minute",
                            "min_size": "3",
                            "name": "master",
                            "placement_group": "",
                            "protect_from_scale_in": "false",
                            "suspended_processes.#": "0",
                            "tag.#": "1",
                            "tag.1968961320.key": "ConsulAgent",
                            "tag.1968961320.propagate_at_launch": "true",
                            "tag.1968961320.value": "Server",
                            "target_group_arns.#": "0",
                            "termination_policies.#": "0",
                            "vpc_zone_identifier.#": "1",
                            "vpc_zone_identifier.339776084": "subnet-eaa71c82",
                            "wait_for_capacity_timeout": "10m"
                        },
                        "meta": {
                            "e2bfb730-ecaa-11e6-8f88-34363bc7c4c0": {
                                "delete": 600000000000
                            }
                        },
                        "tainted": false
                    },
                    "deposed": [],
                    "provider": "provider.aws"
                },
                "aws_autoscaling_group.slave": {
                    "type": "aws_autoscaling_group",
                    "depends_on": [
                        "aws_launch_configuration.slave",
                        "aws_subnet.subnet"
                    ],
                    "primary": {
                        "id": "slave",
                        "attributes": {
                            "arn": "arn:aws:autoscaling:us-east-2:131435775688:autoScalingGroup:8765cc4a-db26-420e-93bb-f15cb7b5e1ed:autoScalingGroupName/slave",
                            "availability_zones.#": "1",
                            "availability_zones.4293815384": "us-east-2a",
                            "default_cooldown": "300",
                            "desired_capacity": "2",
                            "force_delete": "false",
                            "health_check_grace_period": "300",
                            "health_check_type": "EC2",
                            "id": "slave",
                            "launch_configuration": "slave-20180301092025783400000001",
                            "load_balancers.#": "0",
                            "max_size": "2",
                            "metrics_granularity": "1Minute",
                            "min_size": "2",
                            "name": "slave",
                            "placement_group": "",
                            "protect_from_scale_in": "false",
                            "suspended_processes.#": "0",
                            "tag.#": "1",
                            "tag.1991707030.key": "ConsulAgent",
                            "tag.1991707030.propagate_at_launch": "true",
                            "tag.1991707030.value": "Client",
                            "target_group_arns.#": "0",
                            "termination_policies.#": "0",
                            "vpc_zone_identifier.#": "1",
                            "vpc_zone_identifier.339776084": "subnet-eaa71c82",
                            "wait_for_capacity_timeout": "10m"
                        },
                        "meta": {
                            "e2bfb730-ecaa-11e6-8f88-34363bc7c4c0": {
                                "delete": 600000000000
                            }
                        },
                        "tainted": false
                    },
                    "deposed": [],
                    "provider": "provider.aws"
                },
                "aws_iam_instance_profile.consul": {
                    "type": "aws_iam_instance_profile",
                    "depends_on": [
                        "aws_iam_role.consul"
                    ],
                    "primary": {
                        "id": "ConsulAgent",
                        "attributes": {
                            "arn": "arn:aws:iam::131435775688:instance-profile/ConsulAgent",
                            "id": "ConsulAgent",
                            "name": "ConsulAgent",
                            "path": "/",
                            "role": "ConsulAgent",
                            "roles.#": "1",
                            "roles.1387342227": "ConsulAgent",
                            "unique_id": "AIPAJAOAPDBACPCSU4R7S"
                        },
                        "meta": {},
                        "tainted": false
                    },
                    "deposed": [],
                    "provider": "provider.aws"
                },
                "aws_iam_policy.consul": {
                    "type": "aws_iam_policy",
                    "depends_on": [
                        "data.aws_iam_policy_document.consul"
                    ],
                    "primary": {
                        "id": "arn:aws:iam::131435775688:policy/ConsulEC2Discovery",
                        "attributes": {
                            "arn": "arn:aws:iam::131435775688:policy/ConsulEC2Discovery",
                            "description": "Allow Consul to discover peers using EC2 tags.",
                            "id": "arn:aws:iam::131435775688:policy/ConsulEC2Discovery",
                            "name": "ConsulEC2Discovery",
                            "path": "/",
                            "policy": "{\n  \"Version\": \"2012-10-17\",\n  \"Statement\": [\n    {\n      \"Sid\": \"\",\n      \"Effect\": \"Allow\",\n      \"Action\": \"ec2:DescribeInstances\",\n      \"Resource\": \"*\"\n    }\n  ]\n}"
                        },
                        "meta": {},
                        "tainted": false
                    },
                    "deposed": [],
                    "provider": "provider.aws"
                },
                "aws_iam_policy_attachment.consul": {
                    "type": "aws_iam_policy_attachment",
                    "depends_on": [
                        "aws_iam_policy.consul",
                        "aws_iam_role.consul"
                    ],
                    "primary": {
                        "id": "consul",
                        "attributes": {
                            "groups.#": "0",
                            "id": "consul",
                            "name": "consul",
                            "policy_arn": "arn:aws:iam::131435775688:policy/ConsulEC2Discovery",
                            "roles.#": "1",
                            "roles.1387342227": "ConsulAgent",
                            "users.#": "0"
                        },
                        "meta": {},
                        "tainted": false
                    },
                    "deposed": [],
                    "provider": "provider.aws"
                },
                "aws_iam_role.consul": {
                    "type": "aws_iam_role",
                    "depends_on": [
                        "data.aws_iam_policy_document.assumerole"
                    ],
                    "primary": {
                        "id": "ConsulAgent",
                        "attributes": {
                            "arn": "arn:aws:iam::131435775688:role/ConsulAgent",
                            "assume_role_policy": "{\"Version\":\"2012-10-17\",\"Statement\":[{\"Sid\":\"\",\"Effect\":\"Allow\",\"Principal\":{\"Service\":\"ec2.amazonaws.com\"},\"Action\":\"sts:AssumeRole\"}]}",
                            "create_date": "2018-03-01T09:20:08Z",
                            "force_detach_policies": "false",
                            "id": "ConsulAgent",
                            "name": "ConsulAgent",
                            "path": "/",
                            "unique_id": "AROAJ467WGFEZ76K4BB2U"
                        },
                        "meta": {},
                        "tainted": false
                    },
                    "deposed": [],
                    "provider": "provider.aws"
                },
                "aws_internet_gateway.gateway": {
                    "type": "aws_internet_gateway",
                    "depends_on": [
                        "aws_vpc.vpc"
                    ],
                    "primary": {
                        "id": "igw-2ab1a443",
                        "attributes": {
                            "id": "igw-2ab1a443",
                            "tags.%": "0",
                            "vpc_id": "vpc-73e65c1b"
                        },
                        "meta": {},
                        "tainted": false
                    },
                    "deposed": [],
                    "provider": "provider.aws"
                },
                "aws_key_pair.ssh": {
                    "type": "aws_key_pair",
                    "depends_on": [],
                    "primary": {
                        "id": "ssh",
                        "attributes": {
                            "fingerprint": "e5:01:35:10:a6:79:71:94:53:17:47:13:d4:3d:8a:b4",
                            "id": "ssh",
                            "key_name": "ssh",
                            "public_key": "---- BEGIN SSH2 PUBLIC KEY ----\r\nComment: \"imported-openssh-key\"\r\nAAAAB3NzaC1yc2EAAAADAQABAAABAQCFYIr4VRmRqu+P5J4LU/MRBDCREUKw6ad4\r\ndj0PkidlrniNidpF1zpDnQ9PWMLILSQndWTLsbrSH6TT82gmcVxrLOV7x0LbZTZk\r\nGRQ9iedP6TzxrbvPMV22KfJ3OhYWqh750oi9cgSAzRBTNYX/es1m8uDTNNOBP9Io\r\n8iz+kZjYPhkz0A9RAbX79dimI+lkQKoRafv9o/NyzmlGw35kXQFV0PZ5+UzxF9zK\r\naauhhedF/NQ+Df4fA7GoTq5qex2Ptkb/bfbvst0FFpcrAv/uNtCOOCwn4+aigsuB\r\ni1Q+HTrt/wh9TA8jR8RWJC2xYu9zdbUKvGBb2jNr6/SuQCXTlhB/\r\n---- END SSH2 PUBLIC KEY ----"
                        },
                        "meta": {
                            "schema_version": "1"
                        },
                        "tainted": false
                    },
                    "deposed": [],
                    "provider": "provider.aws"
                },
                "aws_launch_configuration.master": {
                    "type": "aws_launch_configuration",
                    "depends_on": [
                        "aws_iam_instance_profile.consul",
                        "aws_key_pair.ssh",
                        "aws_security_group.security_group"
                    ],
                    "primary": {
                        "id": "master-20180301092025795400000002",
                        "attributes": {
                            "associate_public_ip_address": "false",
                            "ebs_block_device.#": "0",
                            "ebs_optimized": "false",
                            "enable_monitoring": "true",
                            "ephemeral_block_device.#": "0",
                            "iam_instance_profile": "ConsulAgent",
                            "id": "master-20180301092025795400000002",
                            "image_id": "ami-2cddea49",
                            "instance_type": "t2.micro",
                            "key_name": "ssh",
                            "name": "master-20180301092025795400000002",
                            "name_prefix": "master-",
                            "root_block_device.#": "0",
                            "security_groups.#": "1",
                            "security_groups.966054774": "sg-193fae72",
                            "spot_price": "",
                            "vpc_classic_link_id": "",
                            "vpc_classic_link_security_groups.#": "0"
                        },
                        "meta": {},
                        "tainted": false
                    },
                    "deposed": [],
                    "provider": "provider.aws"
                },
                "aws_launch_configuration.slave": {
                    "type": "aws_launch_configuration",
                    "depends_on": [
                        "aws_iam_instance_profile.consul",
                        "aws_key_pair.ssh",
                        "aws_security_group.security_group"
                    ],
                    "primary": {
                        "id": "slave-20180301092025783400000001",
                        "attributes": {
                            "associate_public_ip_address": "false",
                            "ebs_block_device.#": "0",
                            "ebs_optimized": "false",
                            "enable_monitoring": "true",
                            "ephemeral_block_device.#": "0",
                            "iam_instance_profile": "ConsulAgent",
                            "id": "slave-20180301092025783400000001",
                            "image_id": "ami-2addea4f",
                            "instance_type": "t2.micro",
                            "key_name": "ssh",
                            "name": "slave-20180301092025783400000001",
                            "name_prefix": "slave-",
                            "root_block_device.#": "0",
                            "security_groups.#": "1",
                            "security_groups.966054774": "sg-193fae72",
                            "spot_price": "",
                            "vpc_classic_link_id": "",
                            "vpc_classic_link_security_groups.#": "0"
                        },
                        "meta": {},
                        "tainted": false
                    },
                    "deposed": [],
                    "provider": "provider.aws"
                },
                "aws_route_table.table": {
                    "type": "aws_route_table",
                    "depends_on": [
                        "aws_internet_gateway.gateway",
                        "aws_vpc.vpc"
                    ],
                    "primary": {
                        "id": "rtb-ca1b6ba2",
                        "attributes": {
                            "id": "rtb-ca1b6ba2",
                            "propagating_vgws.#": "0",
                            "route.#": "1",
                            "route.4222999963.cidr_block": "0.0.0.0/0",
                            "route.4222999963.egress_only_gateway_id": "",
                            "route.4222999963.gateway_id": "igw-2ab1a443",
                            "route.4222999963.instance_id": "",
                            "route.4222999963.ipv6_cidr_block": "",
                            "route.4222999963.nat_gateway_id": "",
                            "route.4222999963.network_interface_id": "",
                            "route.4222999963.vpc_peering_connection_id": "",
                            "tags.%": "0",
                            "vpc_id": "vpc-73e65c1b"
                        },
                        "meta": {},
                        "tainted": false
                    },
                    "deposed": [],
                    "provider": "provider.aws"
                },
                "aws_route_table_association.association": {
                    "type": "aws_route_table_association",
                    "depends_on": [
                        "aws_route_table.table",
                        "aws_subnet.subnet"
                    ],
                    "primary": {
                        "id": "rtbassoc-b5a951de",
                        "attributes": {
                            "id": "rtbassoc-b5a951de",
                            "route_table_id": "rtb-ca1b6ba2",
                            "subnet_id": "subnet-eaa71c82"
                        },
                        "meta": {},
                        "tainted": false
                    },
                    "deposed": [],
                    "provider": "provider.aws"
                },
                "aws_security_group.security_group": {
                    "type": "aws_security_group",
                    "depends_on": [
                        "aws_vpc.vpc"
                    ],
                    "primary": {
                        "id": "sg-193fae72",
                        "attributes": {
                            "description": "Security group for Nomad cluster members.",
                            "egress.#": "1",
                            "egress.2510676008.cidr_blocks.#": "1",
                            "egress.2510676008.cidr_blocks.0": "0.0.0.0/0",
                            "egress.2510676008.description": "",
                            "egress.2510676008.from_port": "0",
                            "egress.2510676008.ipv6_cidr_blocks.#": "0",
                            "egress.2510676008.prefix_list_ids.#": "0",
                            "egress.2510676008.protocol": "-1",
                            "egress.2510676008.security_groups.#": "0",
                            "egress.2510676008.self": "true",
                            "egress.2510676008.to_port": "0",
                            "id": "sg-193fae72",
                            "ingress.#": "2",
                            "ingress.2541437006.cidr_blocks.#": "1",
                            "ingress.2541437006.cidr_blocks.0": "0.0.0.0/0",
                            "ingress.2541437006.description": "",
                            "ingress.2541437006.from_port": "22",
                            "ingress.2541437006.ipv6_cidr_blocks.#": "0",
                            "ingress.2541437006.protocol": "tcp",
                            "ingress.2541437006.security_groups.#": "0",
                            "ingress.2541437006.self": "false",
                            "ingress.2541437006.to_port": "22",
                            "ingress.753360330.cidr_blocks.#": "0",
                            "ingress.753360330.description": "",
                            "ingress.753360330.from_port": "0",
                            "ingress.753360330.ipv6_cidr_blocks.#": "0",
                            "ingress.753360330.protocol": "-1",
                            "ingress.753360330.security_groups.#": "0",
                            "ingress.753360330.self": "true",
                            "ingress.753360330.to_port": "0",
                            "name": "nomad-cluster-member",
                            "owner_id": "131435775688",
                            "revoke_rules_on_delete": "false",
                            "tags.%": "0",
                            "vpc_id": "vpc-73e65c1b"
                        },
                        "meta": {
                            "schema_version": "1"
                        },
                        "tainted": false
                    },
                    "deposed": [],
                    "provider": "provider.aws"
                },
                "aws_security_group_rule.all_egress": {
                    "type": "aws_security_group_rule",
                    "depends_on": [
                        "aws_security_group.security_group"
                    ],
                    "primary": {
                        "id": "sgrule-1562436480",
                        "attributes": {
                            "cidr_blocks.#": "1",
                            "cidr_blocks.0": "0.0.0.0/0",
                            "description": "",
                            "from_port": "0",
                            "id": "sgrule-1562436480",
                            "ipv6_cidr_blocks.#": "0",
                            "prefix_list_ids.#": "0",
                            "protocol": "-1",
                            "security_group_id": "sg-193fae72",
                            "self": "false",
                            "to_port": "0",
                            "type": "egress"
                        },
                        "meta": {
                            "schema_version": "2"
                        },
                        "tainted": false
                    },
                    "deposed": [],
                    "provider": "provider.aws"
                },
                "aws_security_group_rule.in_cluster_egress": {
                    "type": "aws_security_group_rule",
                    "depends_on": [
                        "aws_security_group.security_group"
                    ],
                    "primary": {
                        "id": "sgrule-4244931729",
                        "attributes": {
                            "cidr_blocks.#": "0",
                            "description": "",
                            "from_port": "0",
                            "id": "sgrule-4244931729",
                            "ipv6_cidr_blocks.#": "0",
                            "prefix_list_ids.#": "0",
                            "protocol": "-1",
                            "security_group_id": "sg-193fae72",
                            "self": "false",
                            "source_security_group_id": "sg-193fae72",
                            "to_port": "0",
                            "type": "egress"
                        },
                        "meta": {
                            "schema_version": "2"
                        },
                        "tainted": false
                    },
                    "deposed": [],
                    "provider": "provider.aws"
                },
                "aws_security_group_rule.in_cluster_ingress": {
                    "type": "aws_security_group_rule",
                    "depends_on": [
                        "aws_security_group.security_group"
                    ],
                    "primary": {
                        "id": "sgrule-2948423201",
                        "attributes": {
                            "cidr_blocks.#": "0",
                            "description": "",
                            "from_port": "0",
                            "id": "sgrule-2948423201",
                            "ipv6_cidr_blocks.#": "0",
                            "prefix_list_ids.#": "0",
                            "protocol": "-1",
                            "security_group_id": "sg-193fae72",
                            "self": "false",
                            "source_security_group_id": "sg-193fae72",
                            "to_port": "0",
                            "type": "ingress"
                        },
                        "meta": {
                            "schema_version": "2"
                        },
                        "tainted": false
                    },
                    "deposed": [],
                    "provider": "provider.aws"
                },
                "aws_security_group_rule.incoming_ssh": {
                    "type": "aws_security_group_rule",
                    "depends_on": [
                        "aws_security_group.security_group"
                    ],
                    "primary": {
                        "id": "sgrule-3944033938",
                        "attributes": {
                            "cidr_blocks.#": "1",
                            "cidr_blocks.0": "0.0.0.0/0",
                            "description": "",
                            "from_port": "22",
                            "id": "sgrule-3944033938",
                            "ipv6_cidr_blocks.#": "0",
                            "prefix_list_ids.#": "0",
                            "protocol": "tcp",
                            "security_group_id": "sg-193fae72",
                            "self": "false",
                            "to_port": "22",
                            "type": "ingress"
                        },
                        "meta": {
                            "schema_version": "2"
                        },
                        "tainted": false
                    },
                    "deposed": [],
                    "provider": "provider.aws"
                },
                "aws_subnet.subnet": {
                    "type": "aws_subnet",
                    "depends_on": [
                        "aws_vpc.vpc"
                    ],
                    "primary": {
                        "id": "subnet-eaa71c82",
                        "attributes": {
                            "assign_ipv6_address_on_creation": "false",
                            "availability_zone": "us-east-2a",
                            "cidr_block": "10.0.16.0/20",
                            "id": "subnet-eaa71c82",
                            "map_public_ip_on_launch": "true",
                            "tags.%": "0",
                            "vpc_id": "vpc-73e65c1b"
                        },
                        "meta": {
                            "schema_version": "1"
                        },
                        "tainted": false
                    },
                    "deposed": [],
                    "provider": "provider.aws"
                },
                "aws_vpc.vpc": {
                    "type": "aws_vpc",
                    "depends_on": [],
                    "primary": {
                        "id": "vpc-73e65c1b",
                        "attributes": {
                            "assign_generated_ipv6_cidr_block": "false",
                            "cidr_block": "10.0.0.0/16",
                            "default_network_acl_id": "acl-b8841cd0",
                            "default_route_table_id": "rtb-861767ee",
                            "default_security_group_id": "sg-b03faedb",
                            "dhcp_options_id": "dopt-3d1d9855",
                            "enable_dns_hostnames": "false",
                            "enable_dns_support": "true",
                            "id": "vpc-73e65c1b",
                            "instance_tenancy": "default",
                            "main_route_table_id": "rtb-861767ee",
                            "tags.%": "0"
                        },
                        "meta": {
                            "schema_version": "1"
                        },
                        "tainted": false
                    },
                    "deposed": [],
                    "provider": "provider.aws"
                },
                "data.aws_iam_policy_document.assumerole": {
                    "type": "aws_iam_policy_document",
                    "depends_on": [],
                    "primary": {
                        "id": "1903849331",
                        "attributes": {
                            "id": "1903849331",
                            "json": "{\n  \"Version\": \"2012-10-17\",\n  \"Statement\": [\n    {\n      \"Sid\": \"\",\n      \"Effect\": \"Allow\",\n      \"Action\": \"sts:AssumeRole\",\n      \"Principal\": {\n        \"Service\": \"ec2.amazonaws.com\"\n      }\n    }\n  ]\n}",
                            "statement.#": "1",
                            "statement.0.actions.#": "1",
                            "statement.0.actions.2528466339": "sts:AssumeRole",
                            "statement.0.condition.#": "0",
                            "statement.0.effect": "Allow",
                            "statement.0.not_actions.#": "0",
                            "statement.0.not_principals.#": "0",
                            "statement.0.not_resources.#": "0",
                            "statement.0.principals.#": "1",
                            "statement.0.principals.1134724139.identifiers.#": "1",
                            "statement.0.principals.1134724139.identifiers.3655884555": "ec2.amazonaws.com",
                            "statement.0.principals.1134724139.type": "Service",
                            "statement.0.resources.#": "0",
                            "statement.0.sid": ""
                        },
                        "meta": {},
                        "tainted": false
                    },
                    "deposed": [],
                    "provider": "provider.aws"
                },
                "data.aws_iam_policy_document.consul": {
                    "type": "aws_iam_policy_document",
                    "depends_on": [],
                    "primary": {
                        "id": "638072103",
                        "attributes": {
                            "id": "638072103",
                            "json": "{\n  \"Version\": \"2012-10-17\",\n  \"Statement\": [\n    {\n      \"Sid\": \"\",\n      \"Effect\": \"Allow\",\n      \"Action\": \"ec2:DescribeInstances\",\n      \"Resource\": \"*\"\n    }\n  ]\n}",
                            "statement.#": "1",
                            "statement.0.actions.#": "1",
                            "statement.0.actions.3466923763": "ec2:DescribeInstances",
                            "statement.0.condition.#": "0",
                            "statement.0.effect": "Allow",
                            "statement.0.not_actions.#": "0",
                            "statement.0.not_principals.#": "0",
                            "statement.0.not_resources.#": "0",
                            "statement.0.principals.#": "0",
                            "statement.0.resources.#": "1",
                            "statement.0.resources.2679715827": "*",
                            "statement.0.sid": ""
                        },
                        "meta": {},
                        "tainted": false
                    },
                    "deposed": [],
                    "provider": "provider.aws"
                }
            },
            "depends_on": []
        }
    ]
}
